// !$*UTF8*$!
{
	archiveVersion = 1;
	classes = {
	};
	objectVersion = 56;
	objects = {

/* Begin PBXBuildFile section */
		CE3534FE2C7F0BBF006B6A26 /* RealmSwift in Frameworks */ = {isa = PBXBuildFile; productRef = CE3534FD2C7F0BBF006B6A26 /* RealmSwift */; };
		CE3535012C7F1DFD006B6A26 /* Kingfisher in Frameworks */ = {isa = PBXBuildFile; productRef = CE3535002C7F1DFD006B6A26 /* Kingfisher */; };
		CE3535032C7F42A2006B6A26 /* TrendingNowCollectionViewCell.swift in Sources */ = {isa = PBXBuildFile; fileRef = CE3535022C7F42A2006B6A26 /* TrendingNowCollectionViewCell.swift */; };
		CE402B672C8997AE00525D84 /* CustomViewCell.swift in Sources */ = {isa = PBXBuildFile; fileRef = CE402B662C8997AE00525D84 /* CustomViewCell.swift */; };
		CE9BAB2A2C7C7EF000CD6C24 /* AppDelegate.swift in Sources */ = {isa = PBXBuildFile; fileRef = CE9BAB292C7C7EF000CD6C24 /* AppDelegate.swift */; };
		CE9BAB2C2C7C7EF000CD6C24 /* SceneDelegate.swift in Sources */ = {isa = PBXBuildFile; fileRef = CE9BAB2B2C7C7EF000CD6C24 /* SceneDelegate.swift */; };
		CE9BAB2E2C7C7EF000CD6C24 /* MainViewController.swift in Sources */ = {isa = PBXBuildFile; fileRef = CE9BAB2D2C7C7EF000CD6C24 /* MainViewController.swift */; };
		CE9BAB332C7C7EF300CD6C24 /* Assets.xcassets in Resources */ = {isa = PBXBuildFile; fileRef = CE9BAB322C7C7EF300CD6C24 /* Assets.xcassets */; };
		CE9BAB362C7C7EF300CD6C24 /* LaunchScreen.storyboard in Resources */ = {isa = PBXBuildFile; fileRef = CE9BAB342C7C7EF300CD6C24 /* LaunchScreen.storyboard */; };
		CE9BAB412C7C99AC00CD6C24 /* TabBarController.swift in Sources */ = {isa = PBXBuildFile; fileRef = CE9BAB402C7C99AC00CD6C24 /* TabBarController.swift */; };
		CE9BAB452C7C9C4700CD6C24 /* UIColor + ext.swift in Sources */ = {isa = PBXBuildFile; fileRef = CE9BAB442C7C9C4700CD6C24 /* UIColor + ext.swift */; };
		CE9BAB472C7C9D8E00CD6C24 /* Resources.swift in Sources */ = {isa = PBXBuildFile; fileRef = CE9BAB462C7C9D8E00CD6C24 /* Resources.swift */; };
		CE9FA7DB2C85CA2200B3CBC8 /* NewRecipeController.swift in Sources */ = {isa = PBXBuildFile; fileRef = CE9FA7DA2C85CA2200B3CBC8 /* NewRecipeController.swift */; };
		CE9FA7E02C85CF3500B3CBC8 /* SectionHeaderView.swift in Sources */ = {isa = PBXBuildFile; fileRef = CE9FA7DE2C85CF3500B3CBC8 /* SectionHeaderView.swift */; };
		CE9FA7E32C85E77600B3CBC8 /* BaseView.swift in Sources */ = {isa = PBXBuildFile; fileRef = CE9FA7E22C85E77600B3CBC8 /* BaseView.swift */; };
		CEA109E42C7DF3CB0095E989 /* NavBarController.swift in Sources */ = {isa = PBXBuildFile; fileRef = CEA109E32C7DF3CB0095E989 /* NavBarController.swift */; };
		CEA109E62C7DF4BF0095E989 /* UIView + ext.swift in Sources */ = {isa = PBXBuildFile; fileRef = CEA109E52C7DF4BF0095E989 /* UIView + ext.swift */; };
		CEA109E92C7DFA920095E989 /* BaseController.swift in Sources */ = {isa = PBXBuildFile; fileRef = CEA109E82C7DFA920095E989 /* BaseController.swift */; };
		CEA109ED2C7E00940095E989 /* FavoriteViewController.swift in Sources */ = {isa = PBXBuildFile; fileRef = CEA109EC2C7E00940095E989 /* FavoriteViewController.swift */; };
		CEA109F02C7E011D0095E989 /* ShopViewController.swift in Sources */ = {isa = PBXBuildFile; fileRef = CEA109EF2C7E011D0095E989 /* ShopViewController.swift */; };
		CEA109F32C7E01490095E989 /* ProfileViewController.swift in Sources */ = {isa = PBXBuildFile; fileRef = CEA109F22C7E01490095E989 /* ProfileViewController.swift */; };
		CEA12E4A2C8B196B0000094C /* RecipeAddController.swift in Sources */ = {isa = PBXBuildFile; fileRef = CEA12E492C8B196B0000094C /* RecipeAddController.swift */; };
		CEA12E4C2C8B2D610000094C /* CustomButton.swift in Sources */ = {isa = PBXBuildFile; fileRef = CEA12E4B2C8B2D610000094C /* CustomButton.swift */; };
		CEA12E4F2C8B2E7A0000094C /* SettingTableViewCell.swift in Sources */ = {isa = PBXBuildFile; fileRef = CEA12E4D2C8B2E790000094C /* SettingTableViewCell.swift */; };
		CEA12E502C8B2E7A0000094C /* CreateIngredientsTableViewCell.swift in Sources */ = {isa = PBXBuildFile; fileRef = CEA12E4E2C8B2E7A0000094C /* CreateIngredientsTableViewCell.swift */; };
		CEA12E522C8B2EB70000094C /* CreateRecipeSettingDataModel.swift in Sources */ = {isa = PBXBuildFile; fileRef = CEA12E512C8B2EB70000094C /* CreateRecipeSettingDataModel.swift */; };
		CEACB9D52C80700F00FC1C63 /* UIFont + ext.swift in Sources */ = {isa = PBXBuildFile; fileRef = CEACB9D42C80700F00FC1C63 /* UIFont + ext.swift */; };
/* End PBXBuildFile section */

/* Begin PBXFileReference section */
		CE3535022C7F42A2006B6A26 /* TrendingNowCollectionViewCell.swift */ = {isa = PBXFileReference; lastKnownFileType = sourcecode.swift; path = TrendingNowCollectionViewCell.swift; sourceTree = "<group>"; };
		CE402B662C8997AE00525D84 /* CustomViewCell.swift */ = {isa = PBXFileReference; lastKnownFileType = sourcecode.swift; path = CustomViewCell.swift; sourceTree = "<group>"; };
		CE9BAB262C7C7EF000CD6C24 /* Povareshka.app */ = {isa = PBXFileReference; explicitFileType = wrapper.application; includeInIndex = 0; path = Povareshka.app; sourceTree = BUILT_PRODUCTS_DIR; };
		CE9BAB292C7C7EF000CD6C24 /* AppDelegate.swift */ = {isa = PBXFileReference; lastKnownFileType = sourcecode.swift; path = AppDelegate.swift; sourceTree = "<group>"; };
		CE9BAB2B2C7C7EF000CD6C24 /* SceneDelegate.swift */ = {isa = PBXFileReference; lastKnownFileType = sourcecode.swift; path = SceneDelegate.swift; sourceTree = "<group>"; };
		CE9BAB2D2C7C7EF000CD6C24 /* MainViewController.swift */ = {isa = PBXFileReference; lastKnownFileType = sourcecode.swift; path = MainViewController.swift; sourceTree = "<group>"; };
		CE9BAB322C7C7EF300CD6C24 /* Assets.xcassets */ = {isa = PBXFileReference; lastKnownFileType = folder.assetcatalog; path = Assets.xcassets; sourceTree = "<group>"; };
		CE9BAB352C7C7EF300CD6C24 /* Base */ = {isa = PBXFileReference; lastKnownFileType = file.storyboard; name = Base; path = Base.lproj/LaunchScreen.storyboard; sourceTree = "<group>"; };
		CE9BAB372C7C7EF300CD6C24 /* Info.plist */ = {isa = PBXFileReference; lastKnownFileType = text.plist.xml; path = Info.plist; sourceTree = "<group>"; };
		CE9BAB402C7C99AC00CD6C24 /* TabBarController.swift */ = {isa = PBXFileReference; lastKnownFileType = sourcecode.swift; path = TabBarController.swift; sourceTree = "<group>"; };
		CE9BAB442C7C9C4700CD6C24 /* UIColor + ext.swift */ = {isa = PBXFileReference; lastKnownFileType = sourcecode.swift; path = "UIColor + ext.swift"; sourceTree = "<group>"; };
		CE9BAB462C7C9D8E00CD6C24 /* Resources.swift */ = {isa = PBXFileReference; lastKnownFileType = sourcecode.swift; path = Resources.swift; sourceTree = "<group>"; };
		CE9FA7DA2C85CA2200B3CBC8 /* NewRecipeController.swift */ = {isa = PBXFileReference; lastKnownFileType = sourcecode.swift; path = NewRecipeController.swift; sourceTree = "<group>"; };
		CE9FA7DE2C85CF3500B3CBC8 /* SectionHeaderView.swift */ = {isa = PBXFileReference; fileEncoding = 4; lastKnownFileType = sourcecode.swift; path = SectionHeaderView.swift; sourceTree = "<group>"; };
		CE9FA7E22C85E77600B3CBC8 /* BaseView.swift */ = {isa = PBXFileReference; fileEncoding = 4; lastKnownFileType = sourcecode.swift; path = BaseView.swift; sourceTree = "<group>"; };
		CEA109E32C7DF3CB0095E989 /* NavBarController.swift */ = {isa = PBXFileReference; lastKnownFileType = sourcecode.swift; path = NavBarController.swift; sourceTree = "<group>"; };
		CEA109E52C7DF4BF0095E989 /* UIView + ext.swift */ = {isa = PBXFileReference; lastKnownFileType = sourcecode.swift; path = "UIView + ext.swift"; sourceTree = "<group>"; };
		CEA109E82C7DFA920095E989 /* BaseController.swift */ = {isa = PBXFileReference; lastKnownFileType = sourcecode.swift; path = BaseController.swift; sourceTree = "<group>"; };
		CEA109EC2C7E00940095E989 /* FavoriteViewController.swift */ = {isa = PBXFileReference; lastKnownFileType = sourcecode.swift; path = FavoriteViewController.swift; sourceTree = "<group>"; };
		CEA109EF2C7E011D0095E989 /* ShopViewController.swift */ = {isa = PBXFileReference; lastKnownFileType = sourcecode.swift; path = ShopViewController.swift; sourceTree = "<group>"; };
		CEA109F22C7E01490095E989 /* ProfileViewController.swift */ = {isa = PBXFileReference; lastKnownFileType = sourcecode.swift; path = ProfileViewController.swift; sourceTree = "<group>"; };
		CEA12E492C8B196B0000094C /* RecipeAddController.swift */ = {isa = PBXFileReference; lastKnownFileType = sourcecode.swift; path = RecipeAddController.swift; sourceTree = "<group>"; };
		CEA12E4B2C8B2D610000094C /* CustomButton.swift */ = {isa = PBXFileReference; fileEncoding = 4; lastKnownFileType = sourcecode.swift; path = CustomButton.swift; sourceTree = "<group>"; };
		CEA12E4D2C8B2E790000094C /* SettingTableViewCell.swift */ = {isa = PBXFileReference; fileEncoding = 4; lastKnownFileType = sourcecode.swift; path = SettingTableViewCell.swift; sourceTree = "<group>"; };
		CEA12E4E2C8B2E7A0000094C /* CreateIngredientsTableViewCell.swift */ = {isa = PBXFileReference; fileEncoding = 4; lastKnownFileType = sourcecode.swift; path = CreateIngredientsTableViewCell.swift; sourceTree = "<group>"; };
		CEA12E512C8B2EB70000094C /* CreateRecipeSettingDataModel.swift */ = {isa = PBXFileReference; fileEncoding = 4; lastKnownFileType = sourcecode.swift; path = CreateRecipeSettingDataModel.swift; sourceTree = "<group>"; };
		CEACB9D42C80700F00FC1C63 /* UIFont + ext.swift */ = {isa = PBXFileReference; lastKnownFileType = sourcecode.swift; path = "UIFont + ext.swift"; sourceTree = "<group>"; };
/* End PBXFileReference section */

/* Begin PBXFrameworksBuildPhase section */
		CE9BAB232C7C7EF000CD6C24 /* Frameworks */ = {
			isa = PBXFrameworksBuildPhase;
			buildActionMask = 2147483647;
			files = (
				CE3535012C7F1DFD006B6A26 /* Kingfisher in Frameworks */,
				CE3534FE2C7F0BBF006B6A26 /* RealmSwift in Frameworks */,
			);
			runOnlyForDeploymentPostprocessing = 0;
		};
/* End PBXFrameworksBuildPhase section */

/* Begin PBXGroup section */
		CE9BAB1D2C7C7EF000CD6C24 = {
			isa = PBXGroup;
			children = (
				CE9BAB282C7C7EF000CD6C24 /* Povareshka */,
				CE9BAB272C7C7EF000CD6C24 /* Products */,
			);
			sourceTree = "<group>";
		};
		CE9BAB272C7C7EF000CD6C24 /* Products */ = {
			isa = PBXGroup;
			children = (
				CE9BAB262C7C7EF000CD6C24 /* Povareshka.app */,
			);
			name = Products;
			sourceTree = "<group>";
		};
		CE9BAB282C7C7EF000CD6C24 /* Povareshka */ = {
			isa = PBXGroup;
			children = (
				CEA12E482C8B18E60000094C /* Recipe_Add */,
				CE9FA7D92C85C9FD00B3CBC8 /* Recipe */,
				CE9BAB422C7C9C2100CD6C24 /* Helpers */,
				CE9BAB3D2C7C80AC00CD6C24 /* Application */,
				CEA109EA2C7E00700095E989 /* Main */,
				CEA109EB2C7E007C0095E989 /* Favorite */,
				CEA109EE2C7E00C80095E989 /* ShopList */,
				CEA109F12C7E01330095E989 /* Profile */,
				CEA109E72C7DFA730095E989 /* Base */,
				CE9BAB3E2C7C80C900CD6C24 /* SupportingFiles */,
			);
			path = Povareshka;
			sourceTree = "<group>";
		};
		CE9BAB3D2C7C80AC00CD6C24 /* Application */ = {
			isa = PBXGroup;
			children = (
				CE9BAB292C7C7EF000CD6C24 /* AppDelegate.swift */,
				CE9BAB2B2C7C7EF000CD6C24 /* SceneDelegate.swift */,
			);
			path = Application;
			sourceTree = "<group>";
		};
		CE9BAB3E2C7C80C900CD6C24 /* SupportingFiles */ = {
			isa = PBXGroup;
			children = (
				CE9BAB322C7C7EF300CD6C24 /* Assets.xcassets */,
				CE9BAB342C7C7EF300CD6C24 /* LaunchScreen.storyboard */,
				CE9BAB372C7C7EF300CD6C24 /* Info.plist */,
			);
			path = SupportingFiles;
			sourceTree = "<group>";
		};
		CE9BAB422C7C9C2100CD6C24 /* Helpers */ = {
			isa = PBXGroup;
			children = (
				CE9BAB462C7C9D8E00CD6C24 /* Resources.swift */,
				CE9BAB432C7C9C2B00CD6C24 /* Extensions */,
			);
			path = Helpers;
			sourceTree = "<group>";
		};
		CE9BAB432C7C9C2B00CD6C24 /* Extensions */ = {
			isa = PBXGroup;
			children = (
				CE9BAB442C7C9C4700CD6C24 /* UIColor + ext.swift */,
				CEA109E52C7DF4BF0095E989 /* UIView + ext.swift */,
				CEACB9D42C80700F00FC1C63 /* UIFont + ext.swift */,
			);
			path = Extensions;
			sourceTree = "<group>";
		};
		CE9FA7D92C85C9FD00B3CBC8 /* Recipe */ = {
			isa = PBXGroup;
			children = (
				CE9FA7DE2C85CF3500B3CBC8 /* SectionHeaderView.swift */,
				CE9FA7DA2C85CA2200B3CBC8 /* NewRecipeController.swift */,
				CE402B662C8997AE00525D84 /* CustomViewCell.swift */,
			);
			path = Recipe;
			sourceTree = "<group>";
		};
		CEA109E72C7DFA730095E989 /* Base */ = {
			isa = PBXGroup;
			children = (
				CE9BAB402C7C99AC00CD6C24 /* TabBarController.swift */,
				CEA109E32C7DF3CB0095E989 /* NavBarController.swift */,
				CEA109E82C7DFA920095E989 /* BaseController.swift */,
				CE9FA7E22C85E77600B3CBC8 /* BaseView.swift */,
			);
			path = Base;
			sourceTree = "<group>";
		};
		CEA109EA2C7E00700095E989 /* Main */ = {
			isa = PBXGroup;
			children = (
				CEACB9D62C809A5000FC1C63 /* Controllers */,
				CEACB9D72C809A5A00FC1C63 /* Views */,
			);
			path = Main;
			sourceTree = "<group>";
		};
		CEA109EB2C7E007C0095E989 /* Favorite */ = {
			isa = PBXGroup;
			children = (
				CEA109EC2C7E00940095E989 /* FavoriteViewController.swift */,
			);
			path = Favorite;
			sourceTree = "<group>";
		};
		CEA109EE2C7E00C80095E989 /* ShopList */ = {
			isa = PBXGroup;
			children = (
				CEA109EF2C7E011D0095E989 /* ShopViewController.swift */,
			);
			path = ShopList;
			sourceTree = "<group>";
		};
		CEA109F12C7E01330095E989 /* Profile */ = {
			isa = PBXGroup;
			children = (
				CEA109F22C7E01490095E989 /* ProfileViewController.swift */,
			);
			path = Profile;
			sourceTree = "<group>";
		};
		CEA12E482C8B18E60000094C /* Recipe_Add */ = {
			isa = PBXGroup;
			children = (
				CEA12E492C8B196B0000094C /* RecipeAddController.swift */,
				CEA12E4B2C8B2D610000094C /* CustomButton.swift */,
				CEA12E4E2C8B2E7A0000094C /* CreateIngredientsTableViewCell.swift */,
				CEA12E4D2C8B2E790000094C /* SettingTableViewCell.swift */,
				CEA12E512C8B2EB70000094C /* CreateRecipeSettingDataModel.swift */,
			);
			path = Recipe_Add;
			sourceTree = "<group>";
		};
		CEACB9D62C809A5000FC1C63 /* Controllers */ = {
			isa = PBXGroup;
			children = (
				CE9BAB2D2C7C7EF000CD6C24 /* MainViewController.swift */,
			);
			path = Controllers;
			sourceTree = "<group>";
		};
		CEACB9D72C809A5A00FC1C63 /* Views */ = {
			isa = PBXGroup;
			children = (
				CE3535022C7F42A2006B6A26 /* TrendingNowCollectionViewCell.swift */,
			);
			path = Views;
			sourceTree = "<group>";
		};
/* End PBXGroup section */

/* Begin PBXNativeTarget section */
		CE9BAB252C7C7EF000CD6C24 /* Povareshka */ = {
			isa = PBXNativeTarget;
			buildConfigurationList = CE9BAB3A2C7C7EF300CD6C24 /* Build configuration list for PBXNativeTarget "Povareshka" */;
			buildPhases = (
				CE9BAB222C7C7EF000CD6C24 /* Sources */,
				CE9BAB232C7C7EF000CD6C24 /* Frameworks */,
				CE9BAB242C7C7EF000CD6C24 /* Resources */,
			);
			buildRules = (
			);
			dependencies = (
			);
			name = Povareshka;
			packageProductDependencies = (
				CE3534FD2C7F0BBF006B6A26 /* RealmSwift */,
				CE3535002C7F1DFD006B6A26 /* Kingfisher */,
			);
			productName = Povareshka;
			productReference = CE9BAB262C7C7EF000CD6C24 /* Povareshka.app */;
			productType = "com.apple.product-type.application";
		};
/* End PBXNativeTarget section */

/* Begin PBXProject section */
		CE9BAB1E2C7C7EF000CD6C24 /* Project object */ = {
			isa = PBXProject;
			attributes = {
				BuildIndependentTargetsInParallel = 1;
				LastSwiftUpdateCheck = 1400;
				LastUpgradeCheck = 1400;
				TargetAttributes = {
					CE9BAB252C7C7EF000CD6C24 = {
						CreatedOnToolsVersion = 14.0.1;
					};
				};
			};
			buildConfigurationList = CE9BAB212C7C7EF000CD6C24 /* Build configuration list for PBXProject "Povareshka" */;
			compatibilityVersion = "Xcode 14.0";
			developmentRegion = en;
			hasScannedForEncodings = 0;
			knownRegions = (
				en,
				Base,
			);
			mainGroup = CE9BAB1D2C7C7EF000CD6C24;
			packageReferences = (
				CE3534FC2C7F0BBF006B6A26 /* XCRemoteSwiftPackageReference "realm-swift" */,
				CE3534FF2C7F1DFD006B6A26 /* XCRemoteSwiftPackageReference "Kingfisher" */,
			);
			productRefGroup = CE9BAB272C7C7EF000CD6C24 /* Products */;
			projectDirPath = "";
			projectRoot = "";
			targets = (
				CE9BAB252C7C7EF000CD6C24 /* Povareshka */,
			);
		};
/* End PBXProject section */

/* Begin PBXResourcesBuildPhase section */
		CE9BAB242C7C7EF000CD6C24 /* Resources */ = {
			isa = PBXResourcesBuildPhase;
			buildActionMask = 2147483647;
			files = (
				CE9BAB362C7C7EF300CD6C24 /* LaunchScreen.storyboard in Resources */,
				CE9BAB332C7C7EF300CD6C24 /* Assets.xcassets in Resources */,
			);
			runOnlyForDeploymentPostprocessing = 0;
		};
/* End PBXResourcesBuildPhase section */

/* Begin PBXSourcesBuildPhase section */
		CE9BAB222C7C7EF000CD6C24 /* Sources */ = {
			isa = PBXSourcesBuildPhase;
			buildActionMask = 2147483647;
			files = (
				CE9BAB2E2C7C7EF000CD6C24 /* MainViewController.swift in Sources */,
				CEA109E92C7DFA920095E989 /* BaseController.swift in Sources */,
				CEA12E522C8B2EB70000094C /* CreateRecipeSettingDataModel.swift in Sources */,
				CEA109F02C7E011D0095E989 /* ShopViewController.swift in Sources */,
				CEA12E4A2C8B196B0000094C /* RecipeAddController.swift in Sources */,
				CEA12E4C2C8B2D610000094C /* CustomButton.swift in Sources */,
				CE9BAB412C7C99AC00CD6C24 /* TabBarController.swift in Sources */,
				CEA109E62C7DF4BF0095E989 /* UIView + ext.swift in Sources */,
				CEA109ED2C7E00940095E989 /* FavoriteViewController.swift in Sources */,
				CE3535032C7F42A2006B6A26 /* TrendingNowCollectionViewCell.swift in Sources */,
				CEA12E4F2C8B2E7A0000094C /* SettingTableViewCell.swift in Sources */,
				CEA109F32C7E01490095E989 /* ProfileViewController.swift in Sources */,
				CE9BAB2A2C7C7EF000CD6C24 /* AppDelegate.swift in Sources */,
				CEA109E42C7DF3CB0095E989 /* NavBarController.swift in Sources */,
				CE402B672C8997AE00525D84 /* CustomViewCell.swift in Sources */,
				CE9FA7E02C85CF3500B3CBC8 /* SectionHeaderView.swift in Sources */,
				CE9BAB472C7C9D8E00CD6C24 /* Resources.swift in Sources */,
				CE9BAB452C7C9C4700CD6C24 /* UIColor + ext.swift in Sources */,
				CEACB9D52C80700F00FC1C63 /* UIFont + ext.swift in Sources */,
				CEA12E502C8B2E7A0000094C /* CreateIngredientsTableViewCell.swift in Sources */,
				CE9FA7DB2C85CA2200B3CBC8 /* NewRecipeController.swift in Sources */,
				CE9FA7E32C85E77600B3CBC8 /* BaseView.swift in Sources */,
				CE9BAB2C2C7C7EF000CD6C24 /* SceneDelegate.swift in Sources */,
			);
			runOnlyForDeploymentPostprocessing = 0;
		};
/* End PBXSourcesBuildPhase section */

/* Begin PBXVariantGroup section */
		CE9BAB342C7C7EF300CD6C24 /* LaunchScreen.storyboard */ = {
			isa = PBXVariantGroup;
			children = (
				CE9BAB352C7C7EF300CD6C24 /* Base */,
			);
			name = LaunchScreen.storyboard;
			sourceTree = "<group>";
		};
/* End PBXVariantGroup section */

/* Begin XCBuildConfiguration section */
		CE9BAB382C7C7EF300CD6C24 /* Debug */ = {
			isa = XCBuildConfiguration;
			buildSettings = {
				ALWAYS_SEARCH_USER_PATHS = NO;
				CLANG_ANALYZER_NONNULL = YES;
				CLANG_ANALYZER_NUMBER_OBJECT_CONVERSION = YES_AGGRESSIVE;
				CLANG_CXX_LANGUAGE_STANDARD = "gnu++20";
				CLANG_ENABLE_MODULES = YES;
				CLANG_ENABLE_OBJC_ARC = YES;
				CLANG_ENABLE_OBJC_WEAK = YES;
				CLANG_WARN_BLOCK_CAPTURE_AUTORELEASING = YES;
				CLANG_WARN_BOOL_CONVERSION = YES;
				CLANG_WARN_COMMA = YES;
				CLANG_WARN_CONSTANT_CONVERSION = YES;
				CLANG_WARN_DEPRECATED_OBJC_IMPLEMENTATIONS = YES;
				CLANG_WARN_DIRECT_OBJC_ISA_USAGE = YES_ERROR;
				CLANG_WARN_DOCUMENTATION_COMMENTS = YES;
				CLANG_WARN_EMPTY_BODY = YES;
				CLANG_WARN_ENUM_CONVERSION = YES;
				CLANG_WARN_INFINITE_RECURSION = YES;
				CLANG_WARN_INT_CONVERSION = YES;
				CLANG_WARN_NON_LITERAL_NULL_CONVERSION = YES;
				CLANG_WARN_OBJC_IMPLICIT_RETAIN_SELF = YES;
				CLANG_WARN_OBJC_LITERAL_CONVERSION = YES;
				CLANG_WARN_OBJC_ROOT_CLASS = YES_ERROR;
				CLANG_WARN_QUOTED_INCLUDE_IN_FRAMEWORK_HEADER = YES;
				CLANG_WARN_RANGE_LOOP_ANALYSIS = YES;
				CLANG_WARN_STRICT_PROTOTYPES = YES;
				CLANG_WARN_SUSPICIOUS_MOVE = YES;
				CLANG_WARN_UNGUARDED_AVAILABILITY = YES_AGGRESSIVE;
				CLANG_WARN_UNREACHABLE_CODE = YES;
				CLANG_WARN__DUPLICATE_METHOD_MATCH = YES;
				COPY_PHASE_STRIP = NO;
				DEBUG_INFORMATION_FORMAT = dwarf;
				ENABLE_STRICT_OBJC_MSGSEND = YES;
				ENABLE_TESTABILITY = YES;
				GCC_C_LANGUAGE_STANDARD = gnu11;
				GCC_DYNAMIC_NO_PIC = NO;
				GCC_NO_COMMON_BLOCKS = YES;
				GCC_OPTIMIZATION_LEVEL = 0;
				GCC_PREPROCESSOR_DEFINITIONS = (
					"DEBUG=1",
					"$(inherited)",
				);
				GCC_WARN_64_TO_32_BIT_CONVERSION = YES;
				GCC_WARN_ABOUT_RETURN_TYPE = YES_ERROR;
				GCC_WARN_UNDECLARED_SELECTOR = YES;
				GCC_WARN_UNINITIALIZED_AUTOS = YES_AGGRESSIVE;
				GCC_WARN_UNUSED_FUNCTION = YES;
				GCC_WARN_UNUSED_VARIABLE = YES;
				IPHONEOS_DEPLOYMENT_TARGET = 16.0;
				MTL_ENABLE_DEBUG_INFO = INCLUDE_SOURCE;
				MTL_FAST_MATH = YES;
				ONLY_ACTIVE_ARCH = YES;
				SDKROOT = iphoneos;
				SWIFT_ACTIVE_COMPILATION_CONDITIONS = DEBUG;
				SWIFT_OPTIMIZATION_LEVEL = "-Onone";
			};
			name = Debug;
		};
		CE9BAB392C7C7EF300CD6C24 /* Release */ = {
			isa = XCBuildConfiguration;
			buildSettings = {
				ALWAYS_SEARCH_USER_PATHS = NO;
				CLANG_ANALYZER_NONNULL = YES;
				CLANG_ANALYZER_NUMBER_OBJECT_CONVERSION = YES_AGGRESSIVE;
				CLANG_CXX_LANGUAGE_STANDARD = "gnu++20";
				CLANG_ENABLE_MODULES = YES;
				CLANG_ENABLE_OBJC_ARC = YES;
				CLANG_ENABLE_OBJC_WEAK = YES;
				CLANG_WARN_BLOCK_CAPTURE_AUTORELEASING = YES;
				CLANG_WARN_BOOL_CONVERSION = YES;
				CLANG_WARN_COMMA = YES;
				CLANG_WARN_CONSTANT_CONVERSION = YES;
				CLANG_WARN_DEPRECATED_OBJC_IMPLEMENTATIONS = YES;
				CLANG_WARN_DIRECT_OBJC_ISA_USAGE = YES_ERROR;
				CLANG_WARN_DOCUMENTATION_COMMENTS = YES;
				CLANG_WARN_EMPTY_BODY = YES;
				CLANG_WARN_ENUM_CONVERSION = YES;
				CLANG_WARN_INFINITE_RECURSION = YES;
				CLANG_WARN_INT_CONVERSION = YES;
				CLANG_WARN_NON_LITERAL_NULL_CONVERSION = YES;
				CLANG_WARN_OBJC_IMPLICIT_RETAIN_SELF = YES;
				CLANG_WARN_OBJC_LITERAL_CONVERSION = YES;
				CLANG_WARN_OBJC_ROOT_CLASS = YES_ERROR;
				CLANG_WARN_QUOTED_INCLUDE_IN_FRAMEWORK_HEADER = YES;
				CLANG_WARN_RANGE_LOOP_ANALYSIS = YES;
				CLANG_WARN_STRICT_PROTOTYPES = YES;
				CLANG_WARN_SUSPICIOUS_MOVE = YES;
				CLANG_WARN_UNGUARDED_AVAILABILITY = YES_AGGRESSIVE;
				CLANG_WARN_UNREACHABLE_CODE = YES;
				CLANG_WARN__DUPLICATE_METHOD_MATCH = YES;
				COPY_PHASE_STRIP = NO;
				DEBUG_INFORMATION_FORMAT = "dwarf-with-dsym";
				ENABLE_NS_ASSERTIONS = NO;
				ENABLE_STRICT_OBJC_MSGSEND = YES;
				GCC_C_LANGUAGE_STANDARD = gnu11;
				GCC_NO_COMMON_BLOCKS = YES;
				GCC_WARN_64_TO_32_BIT_CONVERSION = YES;
				GCC_WARN_ABOUT_RETURN_TYPE = YES_ERROR;
				GCC_WARN_UNDECLARED_SELECTOR = YES;
				GCC_WARN_UNINITIALIZED_AUTOS = YES_AGGRESSIVE;
				GCC_WARN_UNUSED_FUNCTION = YES;
				GCC_WARN_UNUSED_VARIABLE = YES;
				IPHONEOS_DEPLOYMENT_TARGET = 16.0;
				MTL_ENABLE_DEBUG_INFO = NO;
				MTL_FAST_MATH = YES;
				SDKROOT = iphoneos;
				SWIFT_COMPILATION_MODE = wholemodule;
				SWIFT_OPTIMIZATION_LEVEL = "-O";
				VALIDATE_PRODUCT = YES;
			};
			name = Release;
		};
		CE9BAB3B2C7C7EF300CD6C24 /* Debug */ = {
			isa = XCBuildConfiguration;
			buildSettings = {
				ASSETCATALOG_COMPILER_APPICON_NAME = AppIcon;
				ASSETCATALOG_COMPILER_GLOBAL_ACCENT_COLOR_NAME = AccentColor;
				CODE_SIGN_STYLE = Automatic;
				CURRENT_PROJECT_VERSION = 1;
				DEVELOPMENT_TEAM = EZEA8LL4D8;
				GENERATE_INFOPLIST_FILE = YES;
				INFOPLIST_FILE = Povareshka/SupportingFiles/Info.plist;
				INFOPLIST_KEY_UIApplicationSupportsIndirectInputEvents = YES;
				INFOPLIST_KEY_UILaunchStoryboardName = LaunchScreen;
				INFOPLIST_KEY_UISupportedInterfaceOrientations = UIInterfaceOrientationPortrait;
				INFOPLIST_KEY_UISupportedInterfaceOrientations_iPad = "UIInterfaceOrientationLandscapeLeft UIInterfaceOrientationLandscapeRight UIInterfaceOrientationPortrait UIInterfaceOrientationPortraitUpsideDown";
				IPHONEOS_DEPLOYMENT_TARGET = 15.0;
				LD_RUNPATH_SEARCH_PATHS = (
					"$(inherited)",
					"@executable_path/Frameworks",
				);
				MARKETING_VERSION = 1.0;
				PRODUCT_BUNDLE_IDENTIFIER = pavellahno.Povareshka;
				PRODUCT_NAME = "$(TARGET_NAME)";
				SUPPORTED_PLATFORMS = "iphoneos iphonesimulator";
				SUPPORTS_MACCATALYST = NO;
				SUPPORTS_MAC_DESIGNED_FOR_IPHONE_IPAD = NO;
				SWIFT_EMIT_LOC_STRINGS = YES;
				SWIFT_VERSION = 5.0;
				TARGETED_DEVICE_FAMILY = 1;
			};
			name = Debug;
		};
		CE9BAB3C2C7C7EF300CD6C24 /* Release */ = {
			isa = XCBuildConfiguration;
			buildSettings = {
				ASSETCATALOG_COMPILER_APPICON_NAME = AppIcon;
				ASSETCATALOG_COMPILER_GLOBAL_ACCENT_COLOR_NAME = AccentColor;
				CODE_SIGN_STYLE = Automatic;
				CURRENT_PROJECT_VERSION = 1;
				DEVELOPMENT_TEAM = EZEA8LL4D8;
				GENERATE_INFOPLIST_FILE = YES;
				INFOPLIST_FILE = Povareshka/SupportingFiles/Info.plist;
				INFOPLIST_KEY_UIApplicationSupportsIndirectInputEvents = YES;
				INFOPLIST_KEY_UILaunchStoryboardName = LaunchScreen;
				INFOPLIST_KEY_UISupportedInterfaceOrientations = UIInterfaceOrientationPortrait;
				INFOPLIST_KEY_UISupportedInterfaceOrientations_iPad = "UIInterfaceOrientationLandscapeLeft UIInterfaceOrientationLandscapeRight UIInterfaceOrientationPortrait UIInterfaceOrientationPortraitUpsideDown";
				IPHONEOS_DEPLOYMENT_TARGET = 15.0;
				LD_RUNPATH_SEARCH_PATHS = (
					"$(inherited)",
					"@executable_path/Frameworks",
				);
				MARKETING_VERSION = 1.0;
				PRODUCT_BUNDLE_IDENTIFIER = pavellahno.Povareshka;
				PRODUCT_NAME = "$(TARGET_NAME)";
				SUPPORTED_PLATFORMS = "iphoneos iphonesimulator";
				SUPPORTS_MACCATALYST = NO;
				SUPPORTS_MAC_DESIGNED_FOR_IPHONE_IPAD = NO;
				SWIFT_EMIT_LOC_STRINGS = YES;
				SWIFT_VERSION = 5.0;
				TARGETED_DEVICE_FAMILY = 1;
			};
			name = Release;
		};
/* End XCBuildConfiguration section */

/* Begin XCConfigurationList section */
		CE9BAB212C7C7EF000CD6C24 /* Build configuration list for PBXProject "Povareshka" */ = {
			isa = XCConfigurationList;
			buildConfigurations = (
				CE9BAB382C7C7EF300CD6C24 /* Debug */,
				CE9BAB392C7C7EF300CD6C24 /* Release */,
			);
			defaultConfigurationIsVisible = 0;
			defaultConfigurationName = Release;
		};
		CE9BAB3A2C7C7EF300CD6C24 /* Build configuration list for PBXNativeTarget "Povareshka" */ = {
			isa = XCConfigurationList;
			buildConfigurations = (
				CE9BAB3B2C7C7EF300CD6C24 /* Debug */,
				CE9BAB3C2C7C7EF300CD6C24 /* Release */,
			);
			defaultConfigurationIsVisible = 0;
			defaultConfigurationName = Release;
		};
/* End XCConfigurationList section */

/* Begin XCRemoteSwiftPackageReference section */
		CE3534FC2C7F0BBF006B6A26 /* XCRemoteSwiftPackageReference "realm-swift" */ = {
			isa = XCRemoteSwiftPackageReference;
			repositoryURL = "https://github.com/realm/realm-swift.git";
			requirement = {
				kind = exactVersion;
				version = 10.39.1;
			};
		};
		CE3534FF2C7F1DFD006B6A26 /* XCRemoteSwiftPackageReference "Kingfisher" */ = {
			isa = XCRemoteSwiftPackageReference;
			repositoryURL = "https://github.com/onevcat/Kingfisher.git";
			requirement = {
				kind = exactVersion;
				version = 7.0.0;
			};
		};
/* End XCRemoteSwiftPackageReference section */

/* Begin XCSwiftPackageProductDependency section */
		CE3534FD2C7F0BBF006B6A26 /* RealmSwift */ = {
			isa = XCSwiftPackageProductDependency;
			package = CE3534FC2C7F0BBF006B6A26 /* XCRemoteSwiftPackageReference "realm-swift" */;
			productName = RealmSwift;
		};
		CE3535002C7F1DFD006B6A26 /* Kingfisher */ = {
			isa = XCSwiftPackageProductDependency;
			package = CE3534FF2C7F1DFD006B6A26 /* XCRemoteSwiftPackageReference "Kingfisher" */;
			productName = Kingfisher;
		};
/* End XCSwiftPackageProductDependency section */
	};
	rootObject = CE9BAB1E2C7C7EF000CD6C24 /* Project object */;
}
