// !$*UTF8*$!
{
	archiveVersion = 1;
	classes = {
	};
	objectVersion = 56;
	objects = {

/* Begin PBXBuildFile section */
		CE3534FE2C7F0BBF006B6A26 /* RealmSwift in Frameworks */ = {isa = PBXBuildFile; productRef = CE3534FD2C7F0BBF006B6A26 /* RealmSwift */; };
		CE3535012C7F1DFD006B6A26 /* Kingfisher in Frameworks */ = {isa = PBXBuildFile; productRef = CE3535002C7F1DFD006B6A26 /* Kingfisher */; };
		CE3535032C7F42A2006B6A26 /* TrendingNowCollectionViewCell.swift in Sources */ = {isa = PBXBuildFile; fileRef = CE3535022C7F42A2006B6A26 /* TrendingNowCollectionViewCell.swift */; };
		CE93918F2D830CF2006E61A3 /* RecipeSearchCell.swift in Sources */ = {isa = PBXBuildFile; fileRef = CE93918E2D830CF2006E61A3 /* RecipeSearchCell.swift */; };
		CE9BAB2A2C7C7EF000CD6C24 /* AppDelegate.swift in Sources */ = {isa = PBXBuildFile; fileRef = CE9BAB292C7C7EF000CD6C24 /* AppDelegate.swift */; };
		CE9BAB2C2C7C7EF000CD6C24 /* SceneDelegate.swift in Sources */ = {isa = PBXBuildFile; fileRef = CE9BAB2B2C7C7EF000CD6C24 /* SceneDelegate.swift */; };
		CE9BAB2E2C7C7EF000CD6C24 /* MainViewController.swift in Sources */ = {isa = PBXBuildFile; fileRef = CE9BAB2D2C7C7EF000CD6C24 /* MainViewController.swift */; };
		CE9BAB332C7C7EF300CD6C24 /* Assets.xcassets in Resources */ = {isa = PBXBuildFile; fileRef = CE9BAB322C7C7EF300CD6C24 /* Assets.xcassets */; };
		CE9BAB362C7C7EF300CD6C24 /* LaunchScreen.storyboard in Resources */ = {isa = PBXBuildFile; fileRef = CE9BAB342C7C7EF300CD6C24 /* LaunchScreen.storyboard */; };
		CE9BAB412C7C99AC00CD6C24 /* TabBarController.swift in Sources */ = {isa = PBXBuildFile; fileRef = CE9BAB402C7C99AC00CD6C24 /* TabBarController.swift */; };
		CE9BAB452C7C9C4700CD6C24 /* UIColor + ext.swift in Sources */ = {isa = PBXBuildFile; fileRef = CE9BAB442C7C9C4700CD6C24 /* UIColor + ext.swift */; };
		CE9BAB472C7C9D8E00CD6C24 /* Resources.swift in Sources */ = {isa = PBXBuildFile; fileRef = CE9BAB462C7C9D8E00CD6C24 /* Resources.swift */; };
		CE9FA7E32C85E77600B3CBC8 /* BaseView.swift in Sources */ = {isa = PBXBuildFile; fileRef = CE9FA7E22C85E77600B3CBC8 /* BaseView.swift */; };
		CEA109E42C7DF3CB0095E989 /* NavBarController.swift in Sources */ = {isa = PBXBuildFile; fileRef = CEA109E32C7DF3CB0095E989 /* NavBarController.swift */; };
		CEA109E62C7DF4BF0095E989 /* UIView + ext.swift in Sources */ = {isa = PBXBuildFile; fileRef = CEA109E52C7DF4BF0095E989 /* UIView + ext.swift */; };
		CEA109E92C7DFA920095E989 /* BaseController.swift in Sources */ = {isa = PBXBuildFile; fileRef = CEA109E82C7DFA920095E989 /* BaseController.swift */; };
		CEA109ED2C7E00940095E989 /* SearchViewController.swift in Sources */ = {isa = PBXBuildFile; fileRef = CEA109EC2C7E00940095E989 /* SearchViewController.swift */; };
		CEA109F02C7E011D0095E989 /* ShopViewController.swift in Sources */ = {isa = PBXBuildFile; fileRef = CEA109EF2C7E011D0095E989 /* ShopViewController.swift */; };
		CEA109F32C7E01490095E989 /* ProfileViewController.swift in Sources */ = {isa = PBXBuildFile; fileRef = CEA109F22C7E01490095E989 /* ProfileViewController.swift */; };
		CEA2900A2D81D3480017D499 /* MenuItem.swift in Sources */ = {isa = PBXBuildFile; fileRef = CEA290092D81D3480017D499 /* MenuItem.swift */; };
		CEA2900D2D81D3930017D499 /* MenuItemCell.swift in Sources */ = {isa = PBXBuildFile; fileRef = CEA2900C2D81D3930017D499 /* MenuItemCell.swift */; };
		CEA290122D81D49C0017D499 /* ShoppingListViewController.swift in Sources */ = {isa = PBXBuildFile; fileRef = CEA290112D81D49C0017D499 /* ShoppingListViewController.swift */; };
		CEA290152D81D5290017D499 /* ShoppingItemCell.swift in Sources */ = {isa = PBXBuildFile; fileRef = CEA290142D81D5290017D499 /* ShoppingItemCell.swift */; };
		CEA290182D81D5500017D499 /* ShoppingItem.swift in Sources */ = {isa = PBXBuildFile; fileRef = CEA290172D81D5500017D499 /* ShoppingItem.swift */; };
		CEA2901B2D81D6680017D499 /* SettingsViewController.swift in Sources */ = {isa = PBXBuildFile; fileRef = CEA2901A2D81D6680017D499 /* SettingsViewController.swift */; };
		CEA2901F2D81D6D80017D499 /* Settings.swift in Sources */ = {isa = PBXBuildFile; fileRef = CEA2901E2D81D6D80017D499 /* Settings.swift */; };
		CEA290222D81D71A0017D499 /* SettingsCell.swift in Sources */ = {isa = PBXBuildFile; fileRef = CEA290212D81D71A0017D499 /* SettingsCell.swift */; };
		CEA3300E2CE4D82D00E42F4A /* NewRecipeController.swift in Sources */ = {isa = PBXBuildFile; fileRef = CEA3300D2CE4D82D00E42F4A /* NewRecipeController.swift */; };
		CEA330122CE4D90000E42F4A /* SettingsTVC.swift in Sources */ = {isa = PBXBuildFile; fileRef = CEA330102CE4D90000E42F4A /* SettingsTVC.swift */; };
		CEA330132CE4D90000E42F4A /* CreateRecipeSettingsDataModel.swift in Sources */ = {isa = PBXBuildFile; fileRef = CEA330112CE4D90000E42F4A /* CreateRecipeSettingsDataModel.swift */; };
		CEA330192CE4D91F00E42F4A /* StepAddPhotoCell.swift in Sources */ = {isa = PBXBuildFile; fileRef = CEA330162CE4D91E00E42F4A /* StepAddPhotoCell.swift */; };
		CEA3301A2CE4D91F00E42F4A /* StepDescriptionCell.swift in Sources */ = {isa = PBXBuildFile; fileRef = CEA330172CE4D91E00E42F4A /* StepDescriptionCell.swift */; };
		CEA3301B2CE4D91F00E42F4A /* StepPhotoCell.swift in Sources */ = {isa = PBXBuildFile; fileRef = CEA330182CE4D91E00E42F4A /* StepPhotoCell.swift */; };
		CEA88C2C2D84451C00281274 /* FilterCategoryCell.swift in Sources */ = {isa = PBXBuildFile; fileRef = CEA88C2B2D84451C00281274 /* FilterCategoryCell.swift */; };
		CEA88C2E2D84455800281274 /* CategoryItem.swift in Sources */ = {isa = PBXBuildFile; fileRef = CEA88C2D2D84455800281274 /* CategoryItem.swift */; };
		CEA9CD7C2D81D8D4002C11E7 /* AuthViewController.swift in Sources */ = {isa = PBXBuildFile; fileRef = CEA9CD7B2D81D8D4002C11E7 /* AuthViewController.swift */; };
		CEAC9E892CE64C0500221CCF /* Recipes.swift in Sources */ = {isa = PBXBuildFile; fileRef = CEAC9E882CE64C0500221CCF /* Recipes.swift */; };
		CEACB9D52C80700F00FC1C63 /* UIFont + ext.swift in Sources */ = {isa = PBXBuildFile; fileRef = CEACB9D42C80700F00FC1C63 /* UIFont + ext.swift */; };
		CEB45B512C9AF71C000D9FE4 /* UITextView + ext.swift in Sources */ = {isa = PBXBuildFile; fileRef = CEB45B502C9AF71C000D9FE4 /* UITextView + ext.swift */; };
		CEC3EFB22D83287700248BBC /* FilterViewController.swift in Sources */ = {isa = PBXBuildFile; fileRef = CEC3EFB12D83287700248BBC /* FilterViewController.swift */; };
		CEC4ACED2D8B0B52009DBCD3 /* RecipeModel.swift in Sources */ = {isa = PBXBuildFile; fileRef = CEC4ACEC2D8B0B52009DBCD3 /* RecipeModel.swift */; };
		CEC4ACEF2D8B0BE8009DBCD3 /* SavedRecipeModel.swift in Sources */ = {isa = PBXBuildFile; fileRef = CEC4ACEE2D8B0BE8009DBCD3 /* SavedRecipeModel.swift */; };
		CEC4ACF22D8B0C53009DBCD3 /* StorageManager.swift in Sources */ = {isa = PBXBuildFile; fileRef = CEC4ACF12D8B0C53009DBCD3 /* StorageManager.swift */; };
		CEC4ACF42D8B0C69009DBCD3 /* DataManager.swift in Sources */ = {isa = PBXBuildFile; fileRef = CEC4ACF32D8B0C69009DBCD3 /* DataManager.swift */; };
		CEC4ACF62D8B0CC0009DBCD3 /* KeyboardManager.swift in Sources */ = {isa = PBXBuildFile; fileRef = CEC4ACF52D8B0CC0009DBCD3 /* KeyboardManager.swift */; };
		CEC4ACF82D8B14C8009DBCD3 /* NewIngredientController.swift in Sources */ = {isa = PBXBuildFile; fileRef = CEC4ACF72D8B14C8009DBCD3 /* NewIngredientController.swift */; };
		CEC4ACFA2D8B153E009DBCD3 /* MainIngredientsTVCell.swift in Sources */ = {isa = PBXBuildFile; fileRef = CEC4ACF92D8B153E009DBCD3 /* MainIngredientsTVCell.swift */; };
/* End PBXBuildFile section */

/* Begin PBXFileReference section */
		CE3535022C7F42A2006B6A26 /* TrendingNowCollectionViewCell.swift */ = {isa = PBXFileReference; lastKnownFileType = sourcecode.swift; path = TrendingNowCollectionViewCell.swift; sourceTree = "<group>"; };
		CE93918E2D830CF2006E61A3 /* RecipeSearchCell.swift */ = {isa = PBXFileReference; lastKnownFileType = sourcecode.swift; path = RecipeSearchCell.swift; sourceTree = "<group>"; };
		CE9BAB262C7C7EF000CD6C24 /* Povareshka.app */ = {isa = PBXFileReference; explicitFileType = wrapper.application; includeInIndex = 0; path = Povareshka.app; sourceTree = BUILT_PRODUCTS_DIR; };
		CE9BAB292C7C7EF000CD6C24 /* AppDelegate.swift */ = {isa = PBXFileReference; lastKnownFileType = sourcecode.swift; path = AppDelegate.swift; sourceTree = "<group>"; };
		CE9BAB2B2C7C7EF000CD6C24 /* SceneDelegate.swift */ = {isa = PBXFileReference; lastKnownFileType = sourcecode.swift; path = SceneDelegate.swift; sourceTree = "<group>"; };
		CE9BAB2D2C7C7EF000CD6C24 /* MainViewController.swift */ = {isa = PBXFileReference; lastKnownFileType = sourcecode.swift; path = MainViewController.swift; sourceTree = "<group>"; };
		CE9BAB322C7C7EF300CD6C24 /* Assets.xcassets */ = {isa = PBXFileReference; lastKnownFileType = folder.assetcatalog; path = Assets.xcassets; sourceTree = "<group>"; };
		CE9BAB352C7C7EF300CD6C24 /* Base */ = {isa = PBXFileReference; lastKnownFileType = file.storyboard; name = Base; path = Base.lproj/LaunchScreen.storyboard; sourceTree = "<group>"; };
		CE9BAB372C7C7EF300CD6C24 /* Info.plist */ = {isa = PBXFileReference; lastKnownFileType = text.plist.xml; path = Info.plist; sourceTree = "<group>"; };
		CE9BAB402C7C99AC00CD6C24 /* TabBarController.swift */ = {isa = PBXFileReference; lastKnownFileType = sourcecode.swift; path = TabBarController.swift; sourceTree = "<group>"; };
		CE9BAB442C7C9C4700CD6C24 /* UIColor + ext.swift */ = {isa = PBXFileReference; lastKnownFileType = sourcecode.swift; path = "UIColor + ext.swift"; sourceTree = "<group>"; };
		CE9BAB462C7C9D8E00CD6C24 /* Resources.swift */ = {isa = PBXFileReference; lastKnownFileType = sourcecode.swift; path = Resources.swift; sourceTree = "<group>"; };
		CE9FA7E22C85E77600B3CBC8 /* BaseView.swift */ = {isa = PBXFileReference; fileEncoding = 4; lastKnownFileType = sourcecode.swift; path = BaseView.swift; sourceTree = "<group>"; };
		CEA109E32C7DF3CB0095E989 /* NavBarController.swift */ = {isa = PBXFileReference; lastKnownFileType = sourcecode.swift; path = NavBarController.swift; sourceTree = "<group>"; };
		CEA109E52C7DF4BF0095E989 /* UIView + ext.swift */ = {isa = PBXFileReference; lastKnownFileType = sourcecode.swift; path = "UIView + ext.swift"; sourceTree = "<group>"; };
		CEA109E82C7DFA920095E989 /* BaseController.swift */ = {isa = PBXFileReference; lastKnownFileType = sourcecode.swift; path = BaseController.swift; sourceTree = "<group>"; };
		CEA109EC2C7E00940095E989 /* SearchViewController.swift */ = {isa = PBXFileReference; lastKnownFileType = sourcecode.swift; path = SearchViewController.swift; sourceTree = "<group>"; };
		CEA109EF2C7E011D0095E989 /* ShopViewController.swift */ = {isa = PBXFileReference; lastKnownFileType = sourcecode.swift; path = ShopViewController.swift; sourceTree = "<group>"; };
		CEA109F22C7E01490095E989 /* ProfileViewController.swift */ = {isa = PBXFileReference; lastKnownFileType = sourcecode.swift; path = ProfileViewController.swift; sourceTree = "<group>"; };
		CEA290092D81D3480017D499 /* MenuItem.swift */ = {isa = PBXFileReference; lastKnownFileType = sourcecode.swift; path = MenuItem.swift; sourceTree = "<group>"; };
		CEA2900C2D81D3930017D499 /* MenuItemCell.swift */ = {isa = PBXFileReference; lastKnownFileType = sourcecode.swift; path = MenuItemCell.swift; sourceTree = "<group>"; };
		CEA290112D81D49C0017D499 /* ShoppingListViewController.swift */ = {isa = PBXFileReference; lastKnownFileType = sourcecode.swift; path = ShoppingListViewController.swift; sourceTree = "<group>"; };
		CEA290142D81D5290017D499 /* ShoppingItemCell.swift */ = {isa = PBXFileReference; lastKnownFileType = sourcecode.swift; path = ShoppingItemCell.swift; sourceTree = "<group>"; };
		CEA290172D81D5500017D499 /* ShoppingItem.swift */ = {isa = PBXFileReference; lastKnownFileType = sourcecode.swift; path = ShoppingItem.swift; sourceTree = "<group>"; };
		CEA2901A2D81D6680017D499 /* SettingsViewController.swift */ = {isa = PBXFileReference; lastKnownFileType = sourcecode.swift; path = SettingsViewController.swift; sourceTree = "<group>"; };
		CEA2901E2D81D6D80017D499 /* Settings.swift */ = {isa = PBXFileReference; lastKnownFileType = sourcecode.swift; path = Settings.swift; sourceTree = "<group>"; };
		CEA290212D81D71A0017D499 /* SettingsCell.swift */ = {isa = PBXFileReference; lastKnownFileType = sourcecode.swift; path = SettingsCell.swift; sourceTree = "<group>"; };
		CEA3300D2CE4D82D00E42F4A /* NewRecipeController.swift */ = {isa = PBXFileReference; fileEncoding = 4; lastKnownFileType = sourcecode.swift; path = NewRecipeController.swift; sourceTree = "<group>"; };
		CEA330102CE4D90000E42F4A /* SettingsTVC.swift */ = {isa = PBXFileReference; fileEncoding = 4; lastKnownFileType = sourcecode.swift; path = SettingsTVC.swift; sourceTree = "<group>"; };
		CEA330112CE4D90000E42F4A /* CreateRecipeSettingsDataModel.swift */ = {isa = PBXFileReference; fileEncoding = 4; lastKnownFileType = sourcecode.swift; path = CreateRecipeSettingsDataModel.swift; sourceTree = "<group>"; };
		CEA330162CE4D91E00E42F4A /* StepAddPhotoCell.swift */ = {isa = PBXFileReference; fileEncoding = 4; lastKnownFileType = sourcecode.swift; path = StepAddPhotoCell.swift; sourceTree = "<group>"; };
		CEA330172CE4D91E00E42F4A /* StepDescriptionCell.swift */ = {isa = PBXFileReference; fileEncoding = 4; lastKnownFileType = sourcecode.swift; path = StepDescriptionCell.swift; sourceTree = "<group>"; };
		CEA330182CE4D91E00E42F4A /* StepPhotoCell.swift */ = {isa = PBXFileReference; fileEncoding = 4; lastKnownFileType = sourcecode.swift; path = StepPhotoCell.swift; sourceTree = "<group>"; };
		CEA88C2B2D84451C00281274 /* FilterCategoryCell.swift */ = {isa = PBXFileReference; lastKnownFileType = sourcecode.swift; path = FilterCategoryCell.swift; sourceTree = "<group>"; };
		CEA88C2D2D84455800281274 /* CategoryItem.swift */ = {isa = PBXFileReference; lastKnownFileType = sourcecode.swift; path = CategoryItem.swift; sourceTree = "<group>"; };
		CEA9CD7B2D81D8D4002C11E7 /* AuthViewController.swift */ = {isa = PBXFileReference; lastKnownFileType = sourcecode.swift; path = AuthViewController.swift; sourceTree = "<group>"; };
		CEAC9E882CE64C0500221CCF /* Recipes.swift */ = {isa = PBXFileReference; lastKnownFileType = sourcecode.swift; path = Recipes.swift; sourceTree = "<group>"; };
		CEACB9D42C80700F00FC1C63 /* UIFont + ext.swift */ = {isa = PBXFileReference; lastKnownFileType = sourcecode.swift; path = "UIFont + ext.swift"; sourceTree = "<group>"; };
		CEB45B502C9AF71C000D9FE4 /* UITextView + ext.swift */ = {isa = PBXFileReference; lastKnownFileType = sourcecode.swift; path = "UITextView + ext.swift"; sourceTree = "<group>"; };
		CEC3EFB12D83287700248BBC /* FilterViewController.swift */ = {isa = PBXFileReference; lastKnownFileType = sourcecode.swift; path = FilterViewController.swift; sourceTree = "<group>"; };
		CEC4ACEC2D8B0B52009DBCD3 /* RecipeModel.swift */ = {isa = PBXFileReference; lastKnownFileType = sourcecode.swift; path = RecipeModel.swift; sourceTree = "<group>"; };
		CEC4ACEE2D8B0BE8009DBCD3 /* SavedRecipeModel.swift */ = {isa = PBXFileReference; lastKnownFileType = sourcecode.swift; path = SavedRecipeModel.swift; sourceTree = "<group>"; };
		CEC4ACF12D8B0C53009DBCD3 /* StorageManager.swift */ = {isa = PBXFileReference; lastKnownFileType = sourcecode.swift; path = StorageManager.swift; sourceTree = "<group>"; };
		CEC4ACF32D8B0C69009DBCD3 /* DataManager.swift */ = {isa = PBXFileReference; lastKnownFileType = sourcecode.swift; path = DataManager.swift; sourceTree = "<group>"; };
		CEC4ACF52D8B0CC0009DBCD3 /* KeyboardManager.swift */ = {isa = PBXFileReference; lastKnownFileType = sourcecode.swift; path = KeyboardManager.swift; sourceTree = "<group>"; };
		CEC4ACF72D8B14C8009DBCD3 /* NewIngredientController.swift */ = {isa = PBXFileReference; lastKnownFileType = sourcecode.swift; path = NewIngredientController.swift; sourceTree = "<group>"; };
		CEC4ACF92D8B153E009DBCD3 /* MainIngredientsTVCell.swift */ = {isa = PBXFileReference; lastKnownFileType = sourcecode.swift; path = MainIngredientsTVCell.swift; sourceTree = "<group>"; };
/* End PBXFileReference section */

/* Begin PBXFrameworksBuildPhase section */
		CE9BAB232C7C7EF000CD6C24 /* Frameworks */ = {
			isa = PBXFrameworksBuildPhase;
			buildActionMask = 2147483647;
			files = (
				CE3535012C7F1DFD006B6A26 /* Kingfisher in Frameworks */,
				CE3534FE2C7F0BBF006B6A26 /* RealmSwift in Frameworks */,
			);
			runOnlyForDeploymentPostprocessing = 0;
		};
/* End PBXFrameworksBuildPhase section */

/* Begin PBXGroup section */
		CE9391902D830D01006E61A3 /* Controllers */ = {
			isa = PBXGroup;
			children = (
				CEA109EC2C7E00940095E989 /* SearchViewController.swift */,
			);
			path = Controllers;
			sourceTree = "<group>";
		};
		CE9391912D830D0A006E61A3 /* Cells */ = {
			isa = PBXGroup;
			children = (
				CE93918E2D830CF2006E61A3 /* RecipeSearchCell.swift */,
			);
			path = Cells;
			sourceTree = "<group>";
		};
		CE9BAB1D2C7C7EF000CD6C24 = {
			isa = PBXGroup;
			children = (
				CE9BAB282C7C7EF000CD6C24 /* Povareshka */,
				CE9BAB272C7C7EF000CD6C24 /* Products */,
			);
			sourceTree = "<group>";
		};
		CE9BAB272C7C7EF000CD6C24 /* Products */ = {
			isa = PBXGroup;
			children = (
				CE9BAB262C7C7EF000CD6C24 /* Povareshka.app */,
			);
			name = Products;
			sourceTree = "<group>";
		};
		CE9BAB282C7C7EF000CD6C24 /* Povareshka */ = {
			isa = PBXGroup;
			children = (
				CEC4ACF02D8B0C35009DBCD3 /* Managers */,
				CEA9CD7A2D81D88E002C11E7 /* Authorization */,
				CEA3300C2CE4D7FE00E42F4A /* Recipe */,
				CE9BAB3D2C7C80AC00CD6C24 /* Application */,
				CE9BAB422C7C9C2100CD6C24 /* Helpers */,
				CEA109E72C7DFA730095E989 /* Base */,
				CEA290242D81D7C90017D499 /* TabBarItems */,
				CE9BAB3E2C7C80C900CD6C24 /* SupportingFiles */,
			);
			path = Povareshka;
			sourceTree = "<group>";
		};
		CE9BAB3D2C7C80AC00CD6C24 /* Application */ = {
			isa = PBXGroup;
			children = (
				CE9BAB292C7C7EF000CD6C24 /* AppDelegate.swift */,
				CE9BAB2B2C7C7EF000CD6C24 /* SceneDelegate.swift */,
			);
			path = Application;
			sourceTree = "<group>";
		};
		CE9BAB3E2C7C80C900CD6C24 /* SupportingFiles */ = {
			isa = PBXGroup;
			children = (
				CE9BAB322C7C7EF300CD6C24 /* Assets.xcassets */,
				CE9BAB342C7C7EF300CD6C24 /* LaunchScreen.storyboard */,
				CE9BAB372C7C7EF300CD6C24 /* Info.plist */,
			);
			path = SupportingFiles;
			sourceTree = "<group>";
		};
		CE9BAB422C7C9C2100CD6C24 /* Helpers */ = {
			isa = PBXGroup;
			children = (
				CE9BAB462C7C9D8E00CD6C24 /* Resources.swift */,
				CE9BAB432C7C9C2B00CD6C24 /* Extensions */,
			);
			path = Helpers;
			sourceTree = "<group>";
		};
		CE9BAB432C7C9C2B00CD6C24 /* Extensions */ = {
			isa = PBXGroup;
			children = (
				CE9BAB442C7C9C4700CD6C24 /* UIColor + ext.swift */,
				CEA109E52C7DF4BF0095E989 /* UIView + ext.swift */,
				CEACB9D42C80700F00FC1C63 /* UIFont + ext.swift */,
				CEB45B502C9AF71C000D9FE4 /* UITextView + ext.swift */,
			);
			path = Extensions;
			sourceTree = "<group>";
		};
		CEA109E72C7DFA730095E989 /* Base */ = {
			isa = PBXGroup;
			children = (
				CE9BAB402C7C99AC00CD6C24 /* TabBarController.swift */,
				CEA109E32C7DF3CB0095E989 /* NavBarController.swift */,
				CEA109E82C7DFA920095E989 /* BaseController.swift */,
				CE9FA7E22C85E77600B3CBC8 /* BaseView.swift */,
			);
			path = Base;
			sourceTree = "<group>";
		};
		CEA109EA2C7E00700095E989 /* Main */ = {
			isa = PBXGroup;
			children = (
				CEACB9D62C809A5000FC1C63 /* Controllers */,
				CEACB9D72C809A5A00FC1C63 /* Views */,
			);
			path = Main;
			sourceTree = "<group>";
		};
		CEA109EB2C7E007C0095E989 /* Search */ = {
			isa = PBXGroup;
			children = (
				CE9391902D830D01006E61A3 /* Controllers */,
				CE9391912D830D0A006E61A3 /* Cells */,
				CEA88C292D8444ED00281274 /* Filter */,
			);
			path = Search;
			sourceTree = "<group>";
		};
		CEA109EE2C7E00C80095E989 /* ShopList */ = {
			isa = PBXGroup;
			children = (
				CEA109EF2C7E011D0095E989 /* ShopViewController.swift */,
			);
			path = ShopList;
			sourceTree = "<group>";
		};
		CEA109F12C7E01330095E989 /* Profile */ = {
			isa = PBXGroup;
			children = (
				CEA2901C2D81D6770017D499 /* Settings */,
				CEA2900F2D81D43E0017D499 /* ShoppingList */,
				CEA290052D81D2850017D499 /* Controllers */,
				CEA2900B2D81D3510017D499 /* Models */,
				CEA2900E2D81D3D00017D499 /* Cells */,
			);
			path = Profile;
			sourceTree = "<group>";
		};
		CEA290052D81D2850017D499 /* Controllers */ = {
			isa = PBXGroup;
			children = (
				CEA109F22C7E01490095E989 /* ProfileViewController.swift */,
			);
			path = Controllers;
			sourceTree = "<group>";
		};
		CEA2900B2D81D3510017D499 /* Models */ = {
			isa = PBXGroup;
			children = (
				CEA290092D81D3480017D499 /* MenuItem.swift */,
			);
			path = Models;
			sourceTree = "<group>";
		};
		CEA2900E2D81D3D00017D499 /* Cells */ = {
			isa = PBXGroup;
			children = (
				CEA2900C2D81D3930017D499 /* MenuItemCell.swift */,
			);
			path = Cells;
			sourceTree = "<group>";
		};
		CEA2900F2D81D43E0017D499 /* ShoppingList */ = {
			isa = PBXGroup;
			children = (
				CEA290132D81D4F60017D499 /* Controllers */,
				CEA290162D81D52E0017D499 /* Cells */,
				CEA290192D81D5570017D499 /* Models */,
			);
			path = ShoppingList;
			sourceTree = "<group>";
		};
		CEA290102D81D4710017D499 /* Controllers */ = {
			isa = PBXGroup;
			children = (
				CEA3300D2CE4D82D00E42F4A /* NewRecipeController.swift */,
				CEC4ACF72D8B14C8009DBCD3 /* NewIngredientController.swift */,
			);
			path = Controllers;
			sourceTree = "<group>";
		};
		CEA290132D81D4F60017D499 /* Controllers */ = {
			isa = PBXGroup;
			children = (
				CEA290112D81D49C0017D499 /* ShoppingListViewController.swift */,
			);
			path = Controllers;
			sourceTree = "<group>";
		};
		CEA290162D81D52E0017D499 /* Cells */ = {
			isa = PBXGroup;
			children = (
				CEA290142D81D5290017D499 /* ShoppingItemCell.swift */,
			);
			path = Cells;
			sourceTree = "<group>";
		};
		CEA290192D81D5570017D499 /* Models */ = {
			isa = PBXGroup;
			children = (
				CEA290172D81D5500017D499 /* ShoppingItem.swift */,
			);
			path = Models;
			sourceTree = "<group>";
		};
		CEA2901C2D81D6770017D499 /* Settings */ = {
			isa = PBXGroup;
			children = (
				CEA2901D2D81D6860017D499 /* Controllers */,
				CEA290202D81D6DC0017D499 /* Models */,
				CEA290232D81D71E0017D499 /* Cells */,
			);
			path = Settings;
			sourceTree = "<group>";
		};
		CEA2901D2D81D6860017D499 /* Controllers */ = {
			isa = PBXGroup;
			children = (
				CEA2901A2D81D6680017D499 /* SettingsViewController.swift */,
			);
			path = Controllers;
			sourceTree = "<group>";
		};
		CEA290202D81D6DC0017D499 /* Models */ = {
			isa = PBXGroup;
			children = (
				CEA2901E2D81D6D80017D499 /* Settings.swift */,
			);
			path = Models;
			sourceTree = "<group>";
		};
		CEA290232D81D71E0017D499 /* Cells */ = {
			isa = PBXGroup;
			children = (
				CEA290212D81D71A0017D499 /* SettingsCell.swift */,
			);
			path = Cells;
			sourceTree = "<group>";
		};
		CEA290242D81D7C90017D499 /* TabBarItems */ = {
			isa = PBXGroup;
			children = (
				CEA109EA2C7E00700095E989 /* Main */,
				CEA109EB2C7E007C0095E989 /* Search */,
				CEA109EE2C7E00C80095E989 /* ShopList */,
				CEA109F12C7E01330095E989 /* Profile */,
			);
			path = TabBarItems;
			sourceTree = "<group>";
		};
		CEA3300C2CE4D7FE00E42F4A /* Recipe */ = {
			isa = PBXGroup;
			children = (
				CEA3301C2CE4D92500E42F4A /* Models */,
				CEA3300F2CE4D8E600E42F4A /* Cells */,
				CEA290102D81D4710017D499 /* Controllers */,
			);
			path = Recipe;
			sourceTree = "<group>";
		};
		CEA3300F2CE4D8E600E42F4A /* Cells */ = {
			isa = PBXGroup;
			children = (
				CEA330162CE4D91E00E42F4A /* StepAddPhotoCell.swift */,
				CEA330172CE4D91E00E42F4A /* StepDescriptionCell.swift */,
				CEA330182CE4D91E00E42F4A /* StepPhotoCell.swift */,
				CEA330102CE4D90000E42F4A /* SettingsTVC.swift */,
				CEC4ACF92D8B153E009DBCD3 /* MainIngredientsTVCell.swift */,
			);
			path = Cells;
			sourceTree = "<group>";
		};
		CEA3301C2CE4D92500E42F4A /* Models */ = {
			isa = PBXGroup;
			children = (
				CEAC9E872CE64BF300221CCF /* Recipes */,
				CEA330112CE4D90000E42F4A /* CreateRecipeSettingsDataModel.swift */,
			);
			path = Models;
			sourceTree = "<group>";
		};
		CEA88C292D8444ED00281274 /* Filter */ = {
			isa = PBXGroup;
			children = (
				CEA88C2A2D8444FB00281274 /* Controllers */,
				CEA88C2B2D84451C00281274 /* FilterCategoryCell.swift */,
				CEA88C2D2D84455800281274 /* CategoryItem.swift */,
			);
			path = Filter;
			sourceTree = "<group>";
		};
		CEA88C2A2D8444FB00281274 /* Controllers */ = {
			isa = PBXGroup;
			children = (
				CEC3EFB12D83287700248BBC /* FilterViewController.swift */,
			);
			path = Controllers;
			sourceTree = "<group>";
		};
		CEA9CD7A2D81D88E002C11E7 /* Authorization */ = {
			isa = PBXGroup;
			children = (
				CEA9CD7B2D81D8D4002C11E7 /* AuthViewController.swift */,
			);
			path = Authorization;
			sourceTree = "<group>";
		};
		CEAC9E872CE64BF300221CCF /* Recipes */ = {
			isa = PBXGroup;
			children = (
				CEAC9E882CE64C0500221CCF /* Recipes.swift */,
				CEC4ACEC2D8B0B52009DBCD3 /* RecipeModel.swift */,
				CEC4ACEE2D8B0BE8009DBCD3 /* SavedRecipeModel.swift */,
			);
			path = Recipes;
			sourceTree = "<group>";
		};
		CEACB9D62C809A5000FC1C63 /* Controllers */ = {
			isa = PBXGroup;
			children = (
				CE9BAB2D2C7C7EF000CD6C24 /* MainViewController.swift */,
			);
			path = Controllers;
			sourceTree = "<group>";
		};
		CEACB9D72C809A5A00FC1C63 /* Views */ = {
			isa = PBXGroup;
			children = (
				CE3535022C7F42A2006B6A26 /* TrendingNowCollectionViewCell.swift */,
			);
			path = Views;
			sourceTree = "<group>";
		};
		CEC4ACF02D8B0C35009DBCD3 /* Managers */ = {
			isa = PBXGroup;
			children = (
				CEC4ACF12D8B0C53009DBCD3 /* StorageManager.swift */,
				CEC4ACF32D8B0C69009DBCD3 /* DataManager.swift */,
				CEC4ACF52D8B0CC0009DBCD3 /* KeyboardManager.swift */,
			);
			path = Managers;
			sourceTree = "<group>";
		};
/* End PBXGroup section */

/* Begin PBXNativeTarget section */
		CE9BAB252C7C7EF000CD6C24 /* Povareshka */ = {
			isa = PBXNativeTarget;
			buildConfigurationList = CE9BAB3A2C7C7EF300CD6C24 /* Build configuration list for PBXNativeTarget "Povareshka" */;
			buildPhases = (
				CE9BAB222C7C7EF000CD6C24 /* Sources */,
				CE9BAB232C7C7EF000CD6C24 /* Frameworks */,
				CE9BAB242C7C7EF000CD6C24 /* Resources */,
			);
			buildRules = (
			);
			dependencies = (
			);
			name = Povareshka;
			packageProductDependencies = (
				CE3534FD2C7F0BBF006B6A26 /* RealmSwift */,
				CE3535002C7F1DFD006B6A26 /* Kingfisher */,
			);
			productName = Povareshka;
			productReference = CE9BAB262C7C7EF000CD6C24 /* Povareshka.app */;
			productType = "com.apple.product-type.application";
		};
/* End PBXNativeTarget section */

/* Begin PBXProject section */
		CE9BAB1E2C7C7EF000CD6C24 /* Project object */ = {
			isa = PBXProject;
			attributes = {
				BuildIndependentTargetsInParallel = 1;
				LastSwiftUpdateCheck = 1400;
				LastUpgradeCheck = 1400;
				TargetAttributes = {
					CE9BAB252C7C7EF000CD6C24 = {
						CreatedOnToolsVersion = 14.0.1;
					};
				};
			};
			buildConfigurationList = CE9BAB212C7C7EF000CD6C24 /* Build configuration list for PBXProject "Povareshka" */;
			compatibilityVersion = "Xcode 14.0";
			developmentRegion = en;
			hasScannedForEncodings = 0;
			knownRegions = (
				en,
				Base,
			);
			mainGroup = CE9BAB1D2C7C7EF000CD6C24;
			packageReferences = (
				CE3534FC2C7F0BBF006B6A26 /* XCRemoteSwiftPackageReference "realm-swift" */,
				CE3534FF2C7F1DFD006B6A26 /* XCRemoteSwiftPackageReference "Kingfisher" */,
			);
			productRefGroup = CE9BAB272C7C7EF000CD6C24 /* Products */;
			projectDirPath = "";
			projectRoot = "";
			targets = (
				CE9BAB252C7C7EF000CD6C24 /* Povareshka */,
			);
		};
/* End PBXProject section */

/* Begin PBXResourcesBuildPhase section */
		CE9BAB242C7C7EF000CD6C24 /* Resources */ = {
			isa = PBXResourcesBuildPhase;
			buildActionMask = 2147483647;
			files = (
				CE9BAB362C7C7EF300CD6C24 /* LaunchScreen.storyboard in Resources */,
				CE9BAB332C7C7EF300CD6C24 /* Assets.xcassets in Resources */,
			);
			runOnlyForDeploymentPostprocessing = 0;
		};
/* End PBXResourcesBuildPhase section */

/* Begin PBXSourcesBuildPhase section */
		CE9BAB222C7C7EF000CD6C24 /* Sources */ = {
			isa = PBXSourcesBuildPhase;
			buildActionMask = 2147483647;
			files = (
				CE9BAB2E2C7C7EF000CD6C24 /* MainViewController.swift in Sources */,
				CEA109E92C7DFA920095E989 /* BaseController.swift in Sources */,
				CEB45B512C9AF71C000D9FE4 /* UITextView + ext.swift in Sources */,
				CEA3301B2CE4D91F00E42F4A /* StepPhotoCell.swift in Sources */,
				CEA109F02C7E011D0095E989 /* ShopViewController.swift in Sources */,
				CEC4ACF42D8B0C69009DBCD3 /* DataManager.swift in Sources */,
				CE9BAB412C7C99AC00CD6C24 /* TabBarController.swift in Sources */,
				CEC4ACF22D8B0C53009DBCD3 /* StorageManager.swift in Sources */,
				CEA88C2C2D84451C00281274 /* FilterCategoryCell.swift in Sources */,
				CEA2900D2D81D3930017D499 /* MenuItemCell.swift in Sources */,
				CEA330122CE4D90000E42F4A /* SettingsTVC.swift in Sources */,
				CEA109E62C7DF4BF0095E989 /* UIView + ext.swift in Sources */,
				CEC4ACFA2D8B153E009DBCD3 /* MainIngredientsTVCell.swift in Sources */,
				CEC4ACED2D8B0B52009DBCD3 /* RecipeModel.swift in Sources */,
				CEA109ED2C7E00940095E989 /* SearchViewController.swift in Sources */,
				CE3535032C7F42A2006B6A26 /* TrendingNowCollectionViewCell.swift in Sources */,
				CEA290152D81D5290017D499 /* ShoppingItemCell.swift in Sources */,
				CEA109F32C7E01490095E989 /* ProfileViewController.swift in Sources */,
				CEC3EFB22D83287700248BBC /* FilterViewController.swift in Sources */,
				CE9BAB2A2C7C7EF000CD6C24 /* AppDelegate.swift in Sources */,
				CEA88C2E2D84455800281274 /* CategoryItem.swift in Sources */,
				CEA3300E2CE4D82D00E42F4A /* NewRecipeController.swift in Sources */,
				CEA2900A2D81D3480017D499 /* MenuItem.swift in Sources */,
				CEA109E42C7DF3CB0095E989 /* NavBarController.swift in Sources */,
				CEA3301A2CE4D91F00E42F4A /* StepDescriptionCell.swift in Sources */,
				CEA330132CE4D90000E42F4A /* CreateRecipeSettingsDataModel.swift in Sources */,
				CEC4ACF62D8B0CC0009DBCD3 /* KeyboardManager.swift in Sources */,
				CEC4ACF82D8B14C8009DBCD3 /* NewIngredientController.swift in Sources */,
				CEC4ACEF2D8B0BE8009DBCD3 /* SavedRecipeModel.swift in Sources */,
				CE9BAB472C7C9D8E00CD6C24 /* Resources.swift in Sources */,
				CEA2901F2D81D6D80017D499 /* Settings.swift in Sources */,
				CEA9CD7C2D81D8D4002C11E7 /* AuthViewController.swift in Sources */,
				CE9BAB452C7C9C4700CD6C24 /* UIColor + ext.swift in Sources */,
				CEAC9E892CE64C0500221CCF /* Recipes.swift in Sources */,
				CEA2901B2D81D6680017D499 /* SettingsViewController.swift in Sources */,
				CEACB9D52C80700F00FC1C63 /* UIFont + ext.swift in Sources */,
				CEA290182D81D5500017D499 /* ShoppingItem.swift in Sources */,
				CEA290122D81D49C0017D499 /* ShoppingListViewController.swift in Sources */,
				CEA330192CE4D91F00E42F4A /* StepAddPhotoCell.swift in Sources */,
				CE9FA7E32C85E77600B3CBC8 /* BaseView.swift in Sources */,
				CEA290222D81D71A0017D499 /* SettingsCell.swift in Sources */,
				CE9BAB2C2C7C7EF000CD6C24 /* SceneDelegate.swift in Sources */,
				CE93918F2D830CF2006E61A3 /* RecipeSearchCell.swift in Sources */,
			);
			runOnlyForDeploymentPostprocessing = 0;
		};
/* End PBXSourcesBuildPhase section */

/* Begin PBXVariantGroup section */
		CE9BAB342C7C7EF300CD6C24 /* LaunchScreen.storyboard */ = {
			isa = PBXVariantGroup;
			children = (
				CE9BAB352C7C7EF300CD6C24 /* Base */,
			);
			name = LaunchScreen.storyboard;
			sourceTree = "<group>";
		};
/* End PBXVariantGroup section */

/* Begin XCBuildConfiguration section */
		CE9BAB382C7C7EF300CD6C24 /* Debug */ = {
			isa = XCBuildConfiguration;
			buildSettings = {
				ALWAYS_SEARCH_USER_PATHS = NO;
				CLANG_ANALYZER_NONNULL = YES;
				CLANG_ANALYZER_NUMBER_OBJECT_CONVERSION = YES_AGGRESSIVE;
				CLANG_CXX_LANGUAGE_STANDARD = "gnu++20";
				CLANG_ENABLE_MODULES = YES;
				CLANG_ENABLE_OBJC_ARC = YES;
				CLANG_ENABLE_OBJC_WEAK = YES;
				CLANG_WARN_BLOCK_CAPTURE_AUTORELEASING = YES;
				CLANG_WARN_BOOL_CONVERSION = YES;
				CLANG_WARN_COMMA = YES;
				CLANG_WARN_CONSTANT_CONVERSION = YES;
				CLANG_WARN_DEPRECATED_OBJC_IMPLEMENTATIONS = YES;
				CLANG_WARN_DIRECT_OBJC_ISA_USAGE = YES_ERROR;
				CLANG_WARN_DOCUMENTATION_COMMENTS = YES;
				CLANG_WARN_EMPTY_BODY = YES;
				CLANG_WARN_ENUM_CONVERSION = YES;
				CLANG_WARN_INFINITE_RECURSION = YES;
				CLANG_WARN_INT_CONVERSION = YES;
				CLANG_WARN_NON_LITERAL_NULL_CONVERSION = YES;
				CLANG_WARN_OBJC_IMPLICIT_RETAIN_SELF = YES;
				CLANG_WARN_OBJC_LITERAL_CONVERSION = YES;
				CLANG_WARN_OBJC_ROOT_CLASS = YES_ERROR;
				CLANG_WARN_QUOTED_INCLUDE_IN_FRAMEWORK_HEADER = YES;
				CLANG_WARN_RANGE_LOOP_ANALYSIS = YES;
				CLANG_WARN_STRICT_PROTOTYPES = YES;
				CLANG_WARN_SUSPICIOUS_MOVE = YES;
				CLANG_WARN_UNGUARDED_AVAILABILITY = YES_AGGRESSIVE;
				CLANG_WARN_UNREACHABLE_CODE = YES;
				CLANG_WARN__DUPLICATE_METHOD_MATCH = YES;
				COPY_PHASE_STRIP = NO;
				DEBUG_INFORMATION_FORMAT = dwarf;
				ENABLE_STRICT_OBJC_MSGSEND = YES;
				ENABLE_TESTABILITY = YES;
				GCC_C_LANGUAGE_STANDARD = gnu11;
				GCC_DYNAMIC_NO_PIC = NO;
				GCC_NO_COMMON_BLOCKS = YES;
				GCC_OPTIMIZATION_LEVEL = 0;
				GCC_PREPROCESSOR_DEFINITIONS = (
					"DEBUG=1",
					"$(inherited)",
				);
				GCC_WARN_64_TO_32_BIT_CONVERSION = YES;
				GCC_WARN_ABOUT_RETURN_TYPE = YES_ERROR;
				GCC_WARN_UNDECLARED_SELECTOR = YES;
				GCC_WARN_UNINITIALIZED_AUTOS = YES_AGGRESSIVE;
				GCC_WARN_UNUSED_FUNCTION = YES;
				GCC_WARN_UNUSED_VARIABLE = YES;
				IPHONEOS_DEPLOYMENT_TARGET = 16.0;
				MTL_ENABLE_DEBUG_INFO = INCLUDE_SOURCE;
				MTL_FAST_MATH = YES;
				ONLY_ACTIVE_ARCH = YES;
				SDKROOT = iphoneos;
				SWIFT_ACTIVE_COMPILATION_CONDITIONS = DEBUG;
				SWIFT_OPTIMIZATION_LEVEL = "-Onone";
			};
			name = Debug;
		};
		CE9BAB392C7C7EF300CD6C24 /* Release */ = {
			isa = XCBuildConfiguration;
			buildSettings = {
				ALWAYS_SEARCH_USER_PATHS = NO;
				CLANG_ANALYZER_NONNULL = YES;
				CLANG_ANALYZER_NUMBER_OBJECT_CONVERSION = YES_AGGRESSIVE;
				CLANG_CXX_LANGUAGE_STANDARD = "gnu++20";
				CLANG_ENABLE_MODULES = YES;
				CLANG_ENABLE_OBJC_ARC = YES;
				CLANG_ENABLE_OBJC_WEAK = YES;
				CLANG_WARN_BLOCK_CAPTURE_AUTORELEASING = YES;
				CLANG_WARN_BOOL_CONVERSION = YES;
				CLANG_WARN_COMMA = YES;
				CLANG_WARN_CONSTANT_CONVERSION = YES;
				CLANG_WARN_DEPRECATED_OBJC_IMPLEMENTATIONS = YES;
				CLANG_WARN_DIRECT_OBJC_ISA_USAGE = YES_ERROR;
				CLANG_WARN_DOCUMENTATION_COMMENTS = YES;
				CLANG_WARN_EMPTY_BODY = YES;
				CLANG_WARN_ENUM_CONVERSION = YES;
				CLANG_WARN_INFINITE_RECURSION = YES;
				CLANG_WARN_INT_CONVERSION = YES;
				CLANG_WARN_NON_LITERAL_NULL_CONVERSION = YES;
				CLANG_WARN_OBJC_IMPLICIT_RETAIN_SELF = YES;
				CLANG_WARN_OBJC_LITERAL_CONVERSION = YES;
				CLANG_WARN_OBJC_ROOT_CLASS = YES_ERROR;
				CLANG_WARN_QUOTED_INCLUDE_IN_FRAMEWORK_HEADER = YES;
				CLANG_WARN_RANGE_LOOP_ANALYSIS = YES;
				CLANG_WARN_STRICT_PROTOTYPES = YES;
				CLANG_WARN_SUSPICIOUS_MOVE = YES;
				CLANG_WARN_UNGUARDED_AVAILABILITY = YES_AGGRESSIVE;
				CLANG_WARN_UNREACHABLE_CODE = YES;
				CLANG_WARN__DUPLICATE_METHOD_MATCH = YES;
				COPY_PHASE_STRIP = NO;
				DEBUG_INFORMATION_FORMAT = "dwarf-with-dsym";
				ENABLE_NS_ASSERTIONS = NO;
				ENABLE_STRICT_OBJC_MSGSEND = YES;
				GCC_C_LANGUAGE_STANDARD = gnu11;
				GCC_NO_COMMON_BLOCKS = YES;
				GCC_WARN_64_TO_32_BIT_CONVERSION = YES;
				GCC_WARN_ABOUT_RETURN_TYPE = YES_ERROR;
				GCC_WARN_UNDECLARED_SELECTOR = YES;
				GCC_WARN_UNINITIALIZED_AUTOS = YES_AGGRESSIVE;
				GCC_WARN_UNUSED_FUNCTION = YES;
				GCC_WARN_UNUSED_VARIABLE = YES;
				IPHONEOS_DEPLOYMENT_TARGET = 16.0;
				MTL_ENABLE_DEBUG_INFO = NO;
				MTL_FAST_MATH = YES;
				SDKROOT = iphoneos;
				SWIFT_COMPILATION_MODE = wholemodule;
				SWIFT_OPTIMIZATION_LEVEL = "-O";
				VALIDATE_PRODUCT = YES;
			};
			name = Release;
		};
		CE9BAB3B2C7C7EF300CD6C24 /* Debug */ = {
			isa = XCBuildConfiguration;
			buildSettings = {
				ASSETCATALOG_COMPILER_APPICON_NAME = AppIcon;
				ASSETCATALOG_COMPILER_GLOBAL_ACCENT_COLOR_NAME = AccentColor;
				CODE_SIGN_STYLE = Automatic;
				CURRENT_PROJECT_VERSION = 1;
				DEVELOPMENT_TEAM = EZEA8LL4D8;
				GENERATE_INFOPLIST_FILE = YES;
				INFOPLIST_FILE = Povareshka/SupportingFiles/Info.plist;
				INFOPLIST_KEY_UIApplicationSupportsIndirectInputEvents = YES;
				INFOPLIST_KEY_UILaunchStoryboardName = LaunchScreen;
				INFOPLIST_KEY_UISupportedInterfaceOrientations = UIInterfaceOrientationPortrait;
				INFOPLIST_KEY_UISupportedInterfaceOrientations_iPad = "UIInterfaceOrientationLandscapeLeft UIInterfaceOrientationLandscapeRight UIInterfaceOrientationPortrait UIInterfaceOrientationPortraitUpsideDown";
				IPHONEOS_DEPLOYMENT_TARGET = 15.0;
				LD_RUNPATH_SEARCH_PATHS = (
					"$(inherited)",
					"@executable_path/Frameworks",
				);
				MARKETING_VERSION = 1.0;
				PRODUCT_BUNDLE_IDENTIFIER = pavellahno.Povareshka;
				PRODUCT_NAME = "$(TARGET_NAME)";
				SUPPORTED_PLATFORMS = "iphoneos iphonesimulator";
				SUPPORTS_MACCATALYST = NO;
				SUPPORTS_MAC_DESIGNED_FOR_IPHONE_IPAD = NO;
				SWIFT_EMIT_LOC_STRINGS = YES;
				SWIFT_VERSION = 5.0;
				TARGETED_DEVICE_FAMILY = 1;
			};
			name = Debug;
		};
		CE9BAB3C2C7C7EF300CD6C24 /* Release */ = {
			isa = XCBuildConfiguration;
			buildSettings = {
				ASSETCATALOG_COMPILER_APPICON_NAME = AppIcon;
				ASSETCATALOG_COMPILER_GLOBAL_ACCENT_COLOR_NAME = AccentColor;
				CODE_SIGN_STYLE = Automatic;
				CURRENT_PROJECT_VERSION = 1;
				DEVELOPMENT_TEAM = EZEA8LL4D8;
				GENERATE_INFOPLIST_FILE = YES;
				INFOPLIST_FILE = Povareshka/SupportingFiles/Info.plist;
				INFOPLIST_KEY_UIApplicationSupportsIndirectInputEvents = YES;
				INFOPLIST_KEY_UILaunchStoryboardName = LaunchScreen;
				INFOPLIST_KEY_UISupportedInterfaceOrientations = UIInterfaceOrientationPortrait;
				INFOPLIST_KEY_UISupportedInterfaceOrientations_iPad = "UIInterfaceOrientationLandscapeLeft UIInterfaceOrientationLandscapeRight UIInterfaceOrientationPortrait UIInterfaceOrientationPortraitUpsideDown";
				IPHONEOS_DEPLOYMENT_TARGET = 15.0;
				LD_RUNPATH_SEARCH_PATHS = (
					"$(inherited)",
					"@executable_path/Frameworks",
				);
				MARKETING_VERSION = 1.0;
				PRODUCT_BUNDLE_IDENTIFIER = pavellahno.Povareshka;
				PRODUCT_NAME = "$(TARGET_NAME)";
				SUPPORTED_PLATFORMS = "iphoneos iphonesimulator";
				SUPPORTS_MACCATALYST = NO;
				SUPPORTS_MAC_DESIGNED_FOR_IPHONE_IPAD = NO;
				SWIFT_EMIT_LOC_STRINGS = YES;
				SWIFT_VERSION = 5.0;
				TARGETED_DEVICE_FAMILY = 1;
			};
			name = Release;
		};
/* End XCBuildConfiguration section */

/* Begin XCConfigurationList section */
		CE9BAB212C7C7EF000CD6C24 /* Build configuration list for PBXProject "Povareshka" */ = {
			isa = XCConfigurationList;
			buildConfigurations = (
				CE9BAB382C7C7EF300CD6C24 /* Debug */,
				CE9BAB392C7C7EF300CD6C24 /* Release */,
			);
			defaultConfigurationIsVisible = 0;
			defaultConfigurationName = Release;
		};
		CE9BAB3A2C7C7EF300CD6C24 /* Build configuration list for PBXNativeTarget "Povareshka" */ = {
			isa = XCConfigurationList;
			buildConfigurations = (
				CE9BAB3B2C7C7EF300CD6C24 /* Debug */,
				CE9BAB3C2C7C7EF300CD6C24 /* Release */,
			);
			defaultConfigurationIsVisible = 0;
			defaultConfigurationName = Release;
		};
/* End XCConfigurationList section */

/* Begin XCRemoteSwiftPackageReference section */
		CE3534FC2C7F0BBF006B6A26 /* XCRemoteSwiftPackageReference "realm-swift" */ = {
			isa = XCRemoteSwiftPackageReference;
			repositoryURL = "https://github.com/realm/realm-swift.git";
			requirement = {
				kind = exactVersion;
				version = 10.39.1;
			};
		};
		CE3534FF2C7F1DFD006B6A26 /* XCRemoteSwiftPackageReference "Kingfisher" */ = {
			isa = XCRemoteSwiftPackageReference;
			repositoryURL = "https://github.com/onevcat/Kingfisher.git";
			requirement = {
				kind = exactVersion;
				version = 7.0.0;
			};
		};
/* End XCRemoteSwiftPackageReference section */

/* Begin XCSwiftPackageProductDependency section */
		CE3534FD2C7F0BBF006B6A26 /* RealmSwift */ = {
			isa = XCSwiftPackageProductDependency;
			package = CE3534FC2C7F0BBF006B6A26 /* XCRemoteSwiftPackageReference "realm-swift" */;
			productName = RealmSwift;
		};
		CE3535002C7F1DFD006B6A26 /* Kingfisher */ = {
			isa = XCSwiftPackageProductDependency;
			package = CE3534FF2C7F1DFD006B6A26 /* XCRemoteSwiftPackageReference "Kingfisher" */;
			productName = Kingfisher;
		};
/* End XCSwiftPackageProductDependency section */
	};
	rootObject = CE9BAB1E2C7C7EF000CD6C24 /* Project object */;
}
