// !$*UTF8*$!
{
	archiveVersion = 1;
	classes = {
	};
	objectVersion = 90;
	objects = {

/* Begin PBXBuildFile section */
		CE04BFC02E2501F20009A94A /* TagCollectionViewCell.swift in Sources */ = {isa = PBXBuildFile; fileRef = CE04BFBF2E2501F20009A94A /* TagCollectionViewCell.swift */; };
		CE04BFC12E2501F20009A94A /* CategoryGridCell.swift in Sources */ = {isa = PBXBuildFile; fileRef = CE04BFBD2E2501F20009A94A /* CategoryGridCell.swift */; };
		CE04BFC22E2501F20009A94A /* CategoryCell.swift in Sources */ = {isa = PBXBuildFile; fileRef = CE04BFBC2E2501F20009A94A /* CategoryCell.swift */; };
		CE04BFC32E2501F20009A94A /* AddCategoryGridCell.swift in Sources */ = {isa = PBXBuildFile; fileRef = CE04BFBB2E2501F20009A94A /* AddCategoryGridCell.swift */; };
		CE04BFC42E2501F20009A94A /* StepLabelCell.swift in Sources */ = {isa = PBXBuildFile; fileRef = CE04BFBE2E2501F20009A94A /* StepLabelCell.swift */; };
		CE2164F92DD764FC003479E5 /* NewPasswordController.swift in Sources */ = {isa = PBXBuildFile; fileRef = CE2164F82DD764FC003479E5 /* NewPasswordController.swift */; };
		CE24AD222E9665A300C7AC2E /* DataSourceConfigure.swift in Sources */ = {isa = PBXBuildFile; fileRef = CE24AD212E9665A300C7AC2E /* DataSourceConfigure.swift */; };
		CE24AD242E9693E900C7AC2E /* CategoriesCreateDataSource.swift in Sources */ = {isa = PBXBuildFile; fileRef = CE24AD232E9693E900C7AC2E /* CategoriesCreateDataSource.swift */; };
		CE30EE592E93EE370010EA90 /* TagsCreateDataSource.swift in Sources */ = {isa = PBXBuildFile; fileRef = CE30EE582E93EE370010EA90 /* TagsCreateDataSource.swift */; };
		CE3535032C7F42A2006B6A26 /* TrendingNowCollectionViewCell.swift in Sources */ = {isa = PBXBuildFile; fileRef = CE3535022C7F42A2006B6A26 /* TrendingNowCollectionViewCell.swift */; };
		CE497BFD2DF0A2AE00789ED9 /* Auth in Frameworks */ = {isa = PBXBuildFile; productRef = CE497BFC2DF0A2AE00789ED9 /* Auth */; };
		CE497BFF2DF0A2AE00789ED9 /* Functions in Frameworks */ = {isa = PBXBuildFile; productRef = CE497BFE2DF0A2AE00789ED9 /* Functions */; };
		CE497C012DF0A2AE00789ED9 /* PostgREST in Frameworks */ = {isa = PBXBuildFile; productRef = CE497C002DF0A2AE00789ED9 /* PostgREST */; };
		CE497C032DF0A2AE00789ED9 /* Realtime in Frameworks */ = {isa = PBXBuildFile; productRef = CE497C022DF0A2AE00789ED9 /* Realtime */; };
		CE497C052DF0A2AE00789ED9 /* Storage in Frameworks */ = {isa = PBXBuildFile; productRef = CE497C042DF0A2AE00789ED9 /* Storage */; };
		CE497C072DF0A2AE00789ED9 /* Supabase in Frameworks */ = {isa = PBXBuildFile; productRef = CE497C062DF0A2AE00789ED9 /* Supabase */; };
		CE497C0C2DF0A3D500789ED9 /* RealmSwift in Frameworks */ = {isa = PBXBuildFile; productRef = CE497C0B2DF0A3D500789ED9 /* RealmSwift */; };
		CE6454702DEF357C000278A0 /* EditProfileController.swift in Sources */ = {isa = PBXBuildFile; fileRef = CE64546F2DEF357C000278A0 /* EditProfileController.swift */; };
		CE7730082E8D1189006018BC /* IngredientsDataSource.swift in Sources */ = {isa = PBXBuildFile; fileRef = CE7730072E8D1189006018BC /* IngredientsDataSource.swift */; };
		CE77300A2E8D11B9006018BC /* InstructionsDataSource.swift in Sources */ = {isa = PBXBuildFile; fileRef = CE7730092E8D11B9006018BC /* InstructionsDataSource.swift */; };
		CE77300C2E8D68EF006018BC /* TagsCollectionViewDataSource.swift in Sources */ = {isa = PBXBuildFile; fileRef = CE77300B2E8D68EF006018BC /* TagsCollectionViewDataSource.swift */; };
		CE77300E2E8D6922006018BC /* CategoriesCollectionViewDataSource.swift in Sources */ = {isa = PBXBuildFile; fileRef = CE77300D2E8D6922006018BC /* CategoriesCollectionViewDataSource.swift */; };
		CE7730132E8D783B006018BC /* IngredientsCreateDataSource.swift in Sources */ = {isa = PBXBuildFile; fileRef = CE7730122E8D783B006018BC /* IngredientsCreateDataSource.swift */; };
		CE7730152E8D789E006018BC /* InstructionsCreateDataSource.swift in Sources */ = {isa = PBXBuildFile; fileRef = CE7730142E8D789E006018BC /* InstructionsCreateDataSource.swift */; };
		CE80EEB82E27D90C00E61A7F /* RealmSwift in Embed Frameworks */ = {isa = PBXBuildFile; productRef = CE497C0B2DF0A3D500789ED9 /* RealmSwift */; settings = {ATTRIBUTES = (CodeSignOnCopy, ); }; };
		CE88BB972E4DCFC0009B58A4 /* PhotoViewerCell.swift in Sources */ = {isa = PBXBuildFile; fileRef = CE88BB962E4DCFC0009B58A4 /* PhotoViewerCell.swift */; };
		CE88BB992E4E304F009B58A4 /* RatingSorterManager.swift in Sources */ = {isa = PBXBuildFile; fileRef = CE88BB982E4E304F009B58A4 /* RatingSorterManager.swift */; };
		CE8A82A92E829A3600AE6F95 /* RecipeWatchViewModel.swift in Sources */ = {isa = PBXBuildFile; fileRef = CE8A82A82E829A3600AE6F95 /* RecipeWatchViewModel.swift */; };
		CE8F04CF2E05444700978883 /* TagsManager.swift in Sources */ = {isa = PBXBuildFile; fileRef = CE8F04CE2E05444700978883 /* TagsManager.swift */; };
		CE9322F02E8FB8B300B6D4F6 /* SettingsDataSource.swift in Sources */ = {isa = PBXBuildFile; fileRef = CE9322EF2E8FB8B300B6D4F6 /* SettingsDataSource.swift */; };
		CE938D782D9AE78E00CF8683 /* ShoppingListManager.swift in Sources */ = {isa = PBXBuildFile; fileRef = CE938D772D9AE78E00CF8683 /* ShoppingListManager.swift */; };
		CE93918F2D830CF2006E61A3 /* RecipeSearchCell.swift in Sources */ = {isa = PBXBuildFile; fileRef = CE93918E2D830CF2006E61A3 /* RecipeSearchCell.swift */; };
		CE93D9882DF705DD008AC5DF /* NewStepController.swift in Sources */ = {isa = PBXBuildFile; fileRef = CE93D9872DF705DD008AC5DF /* NewStepController.swift */; };
		CE93F43E2DA909FE00CF3144 /* BaseAuthViewController.swift in Sources */ = {isa = PBXBuildFile; fileRef = CE93F43D2DA909FE00CF3144 /* BaseAuthViewController.swift */; };
		CE9489F02E50A66B00CDB6F0 /* TableViewFactory.swift in Sources */ = {isa = PBXBuildFile; fileRef = CE9489EF2E50A66B00CDB6F0 /* TableViewFactory.swift */; };
		CE94F75C2DB150F000EC90B1 /* SupabaseManager.swift in Sources */ = {isa = PBXBuildFile; fileRef = CE94F75B2DB150F000EC90B1 /* SupabaseManager.swift */; };
		CE960A322E0404EC009BD784 /* AddTagViewController.swift in Sources */ = {isa = PBXBuildFile; fileRef = CE960A312E0404EC009BD784 /* AddTagViewController.swift */; };
		CE96A7F32E840546007C6F40 /* AppError.swift in Sources */ = {isa = PBXBuildFile; fileRef = CE96A7F22E840546007C6F40 /* AppError.swift */; };
		CE96A7F52E843312007C6F40 /* Constants.swift in Sources */ = {isa = PBXBuildFile; fileRef = CE96A7F42E843312007C6F40 /* Constants.swift */; };
		CE96A7F72E8433A8007C6F40 /* AppStrings.swift in Sources */ = {isa = PBXBuildFile; fileRef = CE96A7F62E8433A8007C6F40 /* AppStrings.swift */; };
		CE96A7F92E843973007C6F40 /* AppImages.swift in Sources */ = {isa = PBXBuildFile; fileRef = CE96A7F82E843973007C6F40 /* AppImages.swift */; };
		CE96A7FB2E843B9C007C6F40 /* AppColors.swift in Sources */ = {isa = PBXBuildFile; fileRef = CE96A7FA2E843B9C007C6F40 /* AppColors.swift */; };
		CE96A7FD2E843FF3007C6F40 /* RecipeSettings.swift in Sources */ = {isa = PBXBuildFile; fileRef = CE96A7FC2E843FF3007C6F40 /* RecipeSettings.swift */; };
		CE96A8022E844743007C6F40 /* Config.plist in Resources */ = {isa = PBXBuildFile; fileRef = CE96A8012E844743007C6F40 /* Config.plist */; };
		CE96A8042E844852007C6F40 /* SupabaseConfig.swift in Sources */ = {isa = PBXBuildFile; fileRef = CE96A8032E844852007C6F40 /* SupabaseConfig.swift */; };
		CE96E2932D9985B80001B4DB /* RecipeWatchController.swift in Sources */ = {isa = PBXBuildFile; fileRef = CE96E2922D9985B80001B4DB /* RecipeWatchController.swift */; };
		CE9BAB2A2C7C7EF000CD6C24 /* AppDelegate.swift in Sources */ = {isa = PBXBuildFile; fileRef = CE9BAB292C7C7EF000CD6C24 /* AppDelegate.swift */; };
		CE9BAB2C2C7C7EF000CD6C24 /* SceneDelegate.swift in Sources */ = {isa = PBXBuildFile; fileRef = CE9BAB2B2C7C7EF000CD6C24 /* SceneDelegate.swift */; };
		CE9BAB2E2C7C7EF000CD6C24 /* MainViewController.swift in Sources */ = {isa = PBXBuildFile; fileRef = CE9BAB2D2C7C7EF000CD6C24 /* MainViewController.swift */; };
		CE9BAB332C7C7EF300CD6C24 /* Assets.xcassets in Resources */ = {isa = PBXBuildFile; fileRef = CE9BAB322C7C7EF300CD6C24 /* Assets.xcassets */; };
		CE9BAB362C7C7EF300CD6C24 /* LaunchScreen.storyboard in Resources */ = {isa = PBXBuildFile; fileRef = CE9BAB342C7C7EF300CD6C24 /* LaunchScreen.storyboard */; };
		CE9BAB412C7C99AC00CD6C24 /* TabBarController.swift in Sources */ = {isa = PBXBuildFile; fileRef = CE9BAB402C7C99AC00CD6C24 /* TabBarController.swift */; };
		CE9BAB452C7C9C4700CD6C24 /* UIColor + ext.swift in Sources */ = {isa = PBXBuildFile; fileRef = CE9BAB442C7C9C4700CD6C24 /* UIColor + ext.swift */; };
		CE9FA7E32C85E77600B3CBC8 /* BaseView.swift in Sources */ = {isa = PBXBuildFile; fileRef = CE9FA7E22C85E77600B3CBC8 /* BaseView.swift */; };
		CEA000D82E30DA490085388E /* ReviewsViewController.swift in Sources */ = {isa = PBXBuildFile; fileRef = CEA000D72E30DA490085388E /* ReviewsViewController.swift */; };
		CEA000DC2E30DAB80085388E /* RatingHeaderView.swift in Sources */ = {isa = PBXBuildFile; fileRef = CEA000DB2E30DAB80085388E /* RatingHeaderView.swift */; };
		CEA000DE2E30DB040085388E /* ReviewPhotoCell.swift in Sources */ = {isa = PBXBuildFile; fileRef = CEA000DD2E30DB040085388E /* ReviewPhotoCell.swift */; };
		CEA000E02E30DB3B0085388E /* ReviewCell.swift in Sources */ = {isa = PBXBuildFile; fileRef = CEA000DF2E30DB3B0085388E /* ReviewCell.swift */; };
		CEA000E22E30DB540085388E /* PhotoViewerController.swift in Sources */ = {isa = PBXBuildFile; fileRef = CEA000E12E30DB540085388E /* PhotoViewerController.swift */; };
		CEA109E62C7DF4BF0095E989 /* UIView + ext.swift in Sources */ = {isa = PBXBuildFile; fileRef = CEA109E52C7DF4BF0095E989 /* UIView + ext.swift */; };
		CEA109E92C7DFA920095E989 /* BaseController.swift in Sources */ = {isa = PBXBuildFile; fileRef = CEA109E82C7DFA920095E989 /* BaseController.swift */; };
		CEA109ED2C7E00940095E989 /* SearchViewController.swift in Sources */ = {isa = PBXBuildFile; fileRef = CEA109EC2C7E00940095E989 /* SearchViewController.swift */; };
		CEA109F02C7E011D0095E989 /* ShoppingListViewController.swift in Sources */ = {isa = PBXBuildFile; fileRef = CEA109EF2C7E011D0095E989 /* ShoppingListViewController.swift */; };
		CEA109F32C7E01490095E989 /* ProfileViewController.swift in Sources */ = {isa = PBXBuildFile; fileRef = CEA109F22C7E01490095E989 /* ProfileViewController.swift */; };
		CEA2306C2E33B4B7001833F0 /* AddPhotoCell.swift in Sources */ = {isa = PBXBuildFile; fileRef = CEA2306B2E33B4B7001833F0 /* AddPhotoCell.swift */; };
		CEA2900A2D81D3480017D499 /* MenuItem.swift in Sources */ = {isa = PBXBuildFile; fileRef = CEA290092D81D3480017D499 /* MenuItem.swift */; };
		CEA2900D2D81D3930017D499 /* MenuItemCell.swift in Sources */ = {isa = PBXBuildFile; fileRef = CEA2900C2D81D3930017D499 /* MenuItemCell.swift */; };
		CEA290122D81D49C0017D499 /* ShoppingViewController.swift in Sources */ = {isa = PBXBuildFile; fileRef = CEA290112D81D49C0017D499 /* ShoppingViewController.swift */; };
		CEA290152D81D5290017D499 /* ShoppingItemCell.swift in Sources */ = {isa = PBXBuildFile; fileRef = CEA290142D81D5290017D499 /* ShoppingItemCell.swift */; };
		CEA290182D81D5500017D499 /* ShoppingItem.swift in Sources */ = {isa = PBXBuildFile; fileRef = CEA290172D81D5500017D499 /* ShoppingItem.swift */; };
		CEA2901B2D81D6680017D499 /* SettingsViewController.swift in Sources */ = {isa = PBXBuildFile; fileRef = CEA2901A2D81D6680017D499 /* SettingsViewController.swift */; };
		CEA2901F2D81D6D80017D499 /* Settings.swift in Sources */ = {isa = PBXBuildFile; fileRef = CEA2901E2D81D6D80017D499 /* Settings.swift */; };
		CEA290222D81D71A0017D499 /* SettingsCell.swift in Sources */ = {isa = PBXBuildFile; fileRef = CEA290212D81D71A0017D499 /* SettingsCell.swift */; };
		CEA3300E2CE4D82D00E42F4A /* NewRecipeController.swift in Sources */ = {isa = PBXBuildFile; fileRef = CEA3300D2CE4D82D00E42F4A /* NewRecipeController.swift */; };
		CEA330122CE4D90000E42F4A /* SettingsTVC.swift in Sources */ = {isa = PBXBuildFile; fileRef = CEA330102CE4D90000E42F4A /* SettingsTVC.swift */; };
		CEA3301B2CE4D91F00E42F4A /* StepPhotoCell.swift in Sources */ = {isa = PBXBuildFile; fileRef = CEA330182CE4D91E00E42F4A /* StepPhotoCell.swift */; };
		CEA528612E0D79E200C26AB8 /* CategorySelectionController.swift in Sources */ = {isa = PBXBuildFile; fileRef = CEA528602E0D79E200C26AB8 /* CategorySelectionController.swift */; };
		CEA88C2C2D84451C00281274 /* FilterCategoryCell.swift in Sources */ = {isa = PBXBuildFile; fileRef = CEA88C2B2D84451C00281274 /* FilterCategoryCell.swift */; };
		CEA88C2E2D84455800281274 /* CategoryItem.swift in Sources */ = {isa = PBXBuildFile; fileRef = CEA88C2D2D84455800281274 /* CategoryItem.swift */; };
		CEA9CD7C2D81D8D4002C11E7 /* AuthViewController.swift in Sources */ = {isa = PBXBuildFile; fileRef = CEA9CD7B2D81D8D4002C11E7 /* AuthViewController.swift */; };
		CEAC9E892CE64C0500221CCF /* Recipes.swift in Sources */ = {isa = PBXBuildFile; fileRef = CEAC9E882CE64C0500221CCF /* Recipes.swift */; };
		CEACB9D52C80700F00FC1C63 /* UIFont + ext.swift in Sources */ = {isa = PBXBuildFile; fileRef = CEACB9D42C80700F00FC1C63 /* UIFont + ext.swift */; };
		CEAF6C3B2DAD096D00781FB8 /* PasswordResetController.swift in Sources */ = {isa = PBXBuildFile; fileRef = CEAF6C3A2DAD096D00781FB8 /* PasswordResetController.swift */; };
		CEB2AF472E94FB7500863361 /* NewRecipeViewModel.swift in Sources */ = {isa = PBXBuildFile; fileRef = CEB2AF462E94FB7500863361 /* NewRecipeViewModel.swift */; };
		CEB2AF492E950FF600863361 /* SettingsPickerManager.swift in Sources */ = {isa = PBXBuildFile; fileRef = CEB2AF482E950FF600863361 /* SettingsPickerManager.swift */; };
		CEB45B512C9AF71C000D9FE4 /* UITextView + ext.swift in Sources */ = {isa = PBXBuildFile; fileRef = CEB45B502C9AF71C000D9FE4 /* UITextView + ext.swift */; };
		CEC31A752E39FB99006D7C5A /* InstructionTextCell.swift in Sources */ = {isa = PBXBuildFile; fileRef = CEC31A742E39FB99006D7C5A /* InstructionTextCell.swift */; };
		CEC31A762E39FB99006D7C5A /* IngredientCell.swift in Sources */ = {isa = PBXBuildFile; fileRef = CEC31A722E39FB99006D7C5A /* IngredientCell.swift */; };
		CEC31A772E39FB99006D7C5A /* InstructionImageCell.swift in Sources */ = {isa = PBXBuildFile; fileRef = CEC31A732E39FB99006D7C5A /* InstructionImageCell.swift */; };
		CEC3EFB22D83287700248BBC /* FilterViewController.swift in Sources */ = {isa = PBXBuildFile; fileRef = CEC3EFB12D83287700248BBC /* FilterViewController.swift */; };
		CEC4ACED2D8B0B52009DBCD3 /* RecipeModel.swift in Sources */ = {isa = PBXBuildFile; fileRef = CEC4ACEC2D8B0B52009DBCD3 /* RecipeModel.swift */; };
		CEC4ACEF2D8B0BE8009DBCD3 /* SavedRecipeModel.swift in Sources */ = {isa = PBXBuildFile; fileRef = CEC4ACEE2D8B0BE8009DBCD3 /* SavedRecipeModel.swift */; };
		CEC4ACF22D8B0C53009DBCD3 /* StorageManager.swift in Sources */ = {isa = PBXBuildFile; fileRef = CEC4ACF12D8B0C53009DBCD3 /* StorageManager.swift */; };
		CEC4ACF62D8B0CC0009DBCD3 /* KeyboardManager.swift in Sources */ = {isa = PBXBuildFile; fileRef = CEC4ACF52D8B0CC0009DBCD3 /* KeyboardManager.swift */; };
		CEC4ACF82D8B14C8009DBCD3 /* NewIngredientController.swift in Sources */ = {isa = PBXBuildFile; fileRef = CEC4ACF72D8B14C8009DBCD3 /* NewIngredientController.swift */; };
		CEC4ACFA2D8B153E009DBCD3 /* MainIngredientsTVCell.swift in Sources */ = {isa = PBXBuildFile; fileRef = CEC4ACF92D8B153E009DBCD3 /* MainIngredientsTVCell.swift */; };
		CEC507192E3F863E005C8C28 /* CollectionViewFactory.swift in Sources */ = {isa = PBXBuildFile; fileRef = CEC507182E3F863E005C8C28 /* CollectionViewFactory.swift */; };
		CED1AC182DDCF4A9008949B2 /* AppCordinator.swift in Sources */ = {isa = PBXBuildFile; fileRef = CED1AC172DDCF4A9008949B2 /* AppCordinator.swift */; };
		CED7765F2E2E888500BD7334 /* Kingfisher in Frameworks */ = {isa = PBXBuildFile; productRef = CED7765E2E2E888500BD7334 /* Kingfisher */; };
		CEDF130D2DE0CDF4000E13D0 /* Notification + ext.swift in Sources */ = {isa = PBXBuildFile; fileRef = CEDF130C2DE0CDF4000E13D0 /* Notification + ext.swift */; };
		CEE2461C2E094A2F00DBA388 /* RecipeMetaStackView.swift in Sources */ = {isa = PBXBuildFile; fileRef = CEE2461B2E094A2F00DBA388 /* RecipeMetaStackView.swift */; };
		CEE2461F2E094F7E00DBA388 /* RecipeImageWithFavoriteView.swift in Sources */ = {isa = PBXBuildFile; fileRef = CEE2461E2E094F7E00DBA388 /* RecipeImageWithFavoriteView.swift */; };
		CEE246212E0996DC00DBA388 /* RecipeRatingController.swift in Sources */ = {isa = PBXBuildFile; fileRef = CEE246202E0996DC00DBA388 /* RecipeRatingController.swift */; };
		CEE4CBE82E2F7A1C004AA954 /* RatingView.swift in Sources */ = {isa = PBXBuildFile; fileRef = CEE4CBE72E2F7A1C004AA954 /* RatingView.swift */; };
		CEE919242DECA717001C03D7 /* UserProfile.swift in Sources */ = {isa = PBXBuildFile; fileRef = CEE919232DECA717001C03D7 /* UserProfile.swift */; };
		CEF2183E2E3769EF000F4D6D /* AlertManager.swift in Sources */ = {isa = PBXBuildFile; fileRef = CEF2183D2E3769EF000F4D6D /* AlertManager.swift */; };
		CEF62DF62E422A69000A9EE4 /* ImageCache.swift in Sources */ = {isa = PBXBuildFile; fileRef = CEF62DF52E422A69000A9EE4 /* ImageCache.swift */; };
		CEFAB3CE2E3B59E600769766 /* PhotoCell.swift in Sources */ = {isa = PBXBuildFile; fileRef = CEFAB3CD2E3B59E600769766 /* PhotoCell.swift */; };
		CEFAB3D42E3B893900769766 /* DataService.swift in Sources */ = {isa = PBXBuildFile; fileRef = CEFAB3D32E3B893900769766 /* DataService.swift */; };
/* End PBXBuildFile section */

/* Begin PBXCopyFilesBuildPhase section */
		CE80EEB92E27D90C00E61A7F /* Embed Frameworks */ = {
			isa = PBXCopyFilesBuildPhase;
			dstPath = "";
			dstSubfolder = Frameworks;
			files = (
				CE80EEB82E27D90C00E61A7F /* RealmSwift in Embed Frameworks */,
			);
			name = "Embed Frameworks";
		};
/* End PBXCopyFilesBuildPhase section */

/* Begin PBXFileReference section */
		CE04BFBB2E2501F20009A94A /* AddCategoryGridCell.swift */ = {isa = PBXFileReference; lastKnownFileType = sourcecode.swift; path = AddCategoryGridCell.swift; sourceTree = "<group>"; };
		CE04BFBC2E2501F20009A94A /* CategoryCell.swift */ = {isa = PBXFileReference; lastKnownFileType = sourcecode.swift; path = CategoryCell.swift; sourceTree = "<group>"; };
		CE04BFBD2E2501F20009A94A /* CategoryGridCell.swift */ = {isa = PBXFileReference; lastKnownFileType = sourcecode.swift; path = CategoryGridCell.swift; sourceTree = "<group>"; };
		CE04BFBE2E2501F20009A94A /* StepLabelCell.swift */ = {isa = PBXFileReference; lastKnownFileType = sourcecode.swift; path = StepLabelCell.swift; sourceTree = "<group>"; };
		CE04BFBF2E2501F20009A94A /* TagCollectionViewCell.swift */ = {isa = PBXFileReference; lastKnownFileType = sourcecode.swift; path = TagCollectionViewCell.swift; sourceTree = "<group>"; };
		CE2164F82DD764FC003479E5 /* NewPasswordController.swift */ = {isa = PBXFileReference; lastKnownFileType = sourcecode.swift; path = NewPasswordController.swift; sourceTree = "<group>"; };
		CE24AD212E9665A300C7AC2E /* DataSourceConfigure.swift */ = {isa = PBXFileReference; lastKnownFileType = sourcecode.swift; path = DataSourceConfigure.swift; sourceTree = "<group>"; };
		CE24AD232E9693E900C7AC2E /* CategoriesCreateDataSource.swift */ = {isa = PBXFileReference; lastKnownFileType = sourcecode.swift; path = CategoriesCreateDataSource.swift; sourceTree = "<group>"; };
		CE30EE582E93EE370010EA90 /* TagsCreateDataSource.swift */ = {isa = PBXFileReference; lastKnownFileType = sourcecode.swift; path = TagsCreateDataSource.swift; sourceTree = "<group>"; };
		CE3535022C7F42A2006B6A26 /* TrendingNowCollectionViewCell.swift */ = {isa = PBXFileReference; lastKnownFileType = sourcecode.swift; path = TrendingNowCollectionViewCell.swift; sourceTree = "<group>"; };
		CE64546F2DEF357C000278A0 /* EditProfileController.swift */ = {isa = PBXFileReference; lastKnownFileType = sourcecode.swift; path = EditProfileController.swift; sourceTree = "<group>"; };
		CE7730072E8D1189006018BC /* IngredientsDataSource.swift */ = {isa = PBXFileReference; lastKnownFileType = sourcecode.swift; path = IngredientsDataSource.swift; sourceTree = "<group>"; };
		CE7730092E8D11B9006018BC /* InstructionsDataSource.swift */ = {isa = PBXFileReference; lastKnownFileType = sourcecode.swift; path = InstructionsDataSource.swift; sourceTree = "<group>"; };
		CE77300B2E8D68EF006018BC /* TagsCollectionViewDataSource.swift */ = {isa = PBXFileReference; lastKnownFileType = sourcecode.swift; path = TagsCollectionViewDataSource.swift; sourceTree = "<group>"; };
		CE77300D2E8D6922006018BC /* CategoriesCollectionViewDataSource.swift */ = {isa = PBXFileReference; lastKnownFileType = sourcecode.swift; path = CategoriesCollectionViewDataSource.swift; sourceTree = "<group>"; };
		CE7730122E8D783B006018BC /* IngredientsCreateDataSource.swift */ = {isa = PBXFileReference; lastKnownFileType = sourcecode.swift; path = IngredientsCreateDataSource.swift; sourceTree = "<group>"; };
		CE7730142E8D789E006018BC /* InstructionsCreateDataSource.swift */ = {isa = PBXFileReference; lastKnownFileType = sourcecode.swift; path = InstructionsCreateDataSource.swift; sourceTree = "<group>"; };
		CE88BB962E4DCFC0009B58A4 /* PhotoViewerCell.swift */ = {isa = PBXFileReference; lastKnownFileType = sourcecode.swift; path = PhotoViewerCell.swift; sourceTree = "<group>"; };
		CE88BB982E4E304F009B58A4 /* RatingSorterManager.swift */ = {isa = PBXFileReference; lastKnownFileType = sourcecode.swift; path = RatingSorterManager.swift; sourceTree = "<group>"; };
		CE8A82A82E829A3600AE6F95 /* RecipeWatchViewModel.swift */ = {isa = PBXFileReference; lastKnownFileType = sourcecode.swift; path = RecipeWatchViewModel.swift; sourceTree = "<group>"; };
		CE8F04CE2E05444700978883 /* TagsManager.swift */ = {isa = PBXFileReference; lastKnownFileType = sourcecode.swift; path = TagsManager.swift; sourceTree = "<group>"; };
		CE9322EF2E8FB8B300B6D4F6 /* SettingsDataSource.swift */ = {isa = PBXFileReference; lastKnownFileType = sourcecode.swift; path = SettingsDataSource.swift; sourceTree = "<group>"; };
		CE938D772D9AE78E00CF8683 /* ShoppingListManager.swift */ = {isa = PBXFileReference; lastKnownFileType = sourcecode.swift; path = ShoppingListManager.swift; sourceTree = "<group>"; };
		CE93918E2D830CF2006E61A3 /* RecipeSearchCell.swift */ = {isa = PBXFileReference; lastKnownFileType = sourcecode.swift; path = RecipeSearchCell.swift; sourceTree = "<group>"; };
		CE93D9872DF705DD008AC5DF /* NewStepController.swift */ = {isa = PBXFileReference; lastKnownFileType = sourcecode.swift; path = NewStepController.swift; sourceTree = "<group>"; };
		CE93F43D2DA909FE00CF3144 /* BaseAuthViewController.swift */ = {isa = PBXFileReference; lastKnownFileType = sourcecode.swift; path = BaseAuthViewController.swift; sourceTree = "<group>"; };
		CE9489EF2E50A66B00CDB6F0 /* TableViewFactory.swift */ = {isa = PBXFileReference; lastKnownFileType = sourcecode.swift; path = TableViewFactory.swift; sourceTree = "<group>"; };
		CE94F75B2DB150F000EC90B1 /* SupabaseManager.swift */ = {isa = PBXFileReference; lastKnownFileType = sourcecode.swift; path = SupabaseManager.swift; sourceTree = "<group>"; };
		CE960A312E0404EC009BD784 /* AddTagViewController.swift */ = {isa = PBXFileReference; lastKnownFileType = sourcecode.swift; path = AddTagViewController.swift; sourceTree = "<group>"; };
		CE96A7F22E840546007C6F40 /* AppError.swift */ = {isa = PBXFileReference; lastKnownFileType = sourcecode.swift; path = AppError.swift; sourceTree = "<group>"; };
		CE96A7F42E843312007C6F40 /* Constants.swift */ = {isa = PBXFileReference; lastKnownFileType = sourcecode.swift; path = Constants.swift; sourceTree = "<group>"; };
		CE96A7F62E8433A8007C6F40 /* AppStrings.swift */ = {isa = PBXFileReference; lastKnownFileType = sourcecode.swift; path = AppStrings.swift; sourceTree = "<group>"; };
		CE96A7F82E843973007C6F40 /* AppImages.swift */ = {isa = PBXFileReference; lastKnownFileType = sourcecode.swift; path = AppImages.swift; sourceTree = "<group>"; };
		CE96A7FA2E843B9C007C6F40 /* AppColors.swift */ = {isa = PBXFileReference; lastKnownFileType = sourcecode.swift; path = AppColors.swift; sourceTree = "<group>"; };
		CE96A7FC2E843FF3007C6F40 /* RecipeSettings.swift */ = {isa = PBXFileReference; lastKnownFileType = sourcecode.swift; path = RecipeSettings.swift; sourceTree = "<group>"; };
		CE96A8012E844743007C6F40 /* Config.plist */ = {isa = PBXFileReference; lastKnownFileType = text.plist.xml; path = Config.plist; sourceTree = "<group>"; };
		CE96A8032E844852007C6F40 /* SupabaseConfig.swift */ = {isa = PBXFileReference; lastKnownFileType = sourcecode.swift; path = SupabaseConfig.swift; sourceTree = "<group>"; };
		CE96E2922D9985B80001B4DB /* RecipeWatchController.swift */ = {isa = PBXFileReference; lastKnownFileType = sourcecode.swift; path = RecipeWatchController.swift; sourceTree = "<group>"; };
		CE9BAB262C7C7EF000CD6C24 /* Povareshka.app */ = {isa = PBXFileReference; explicitFileType = wrapper.application; includeInIndex = 0; path = Povareshka.app; sourceTree = BUILT_PRODUCTS_DIR; };
		CE9BAB292C7C7EF000CD6C24 /* AppDelegate.swift */ = {isa = PBXFileReference; lastKnownFileType = sourcecode.swift; path = AppDelegate.swift; sourceTree = "<group>"; };
		CE9BAB2B2C7C7EF000CD6C24 /* SceneDelegate.swift */ = {isa = PBXFileReference; lastKnownFileType = sourcecode.swift; path = SceneDelegate.swift; sourceTree = "<group>"; };
		CE9BAB2D2C7C7EF000CD6C24 /* MainViewController.swift */ = {isa = PBXFileReference; lastKnownFileType = sourcecode.swift; path = MainViewController.swift; sourceTree = "<group>"; };
		CE9BAB322C7C7EF300CD6C24 /* Assets.xcassets */ = {isa = PBXFileReference; lastKnownFileType = folder.assetcatalog; path = Assets.xcassets; sourceTree = "<group>"; };
		CE9BAB352C7C7EF300CD6C24 /* Base */ = {isa = PBXFileReference; lastKnownFileType = file.storyboard; name = Base; path = Base.lproj/LaunchScreen.storyboard; sourceTree = "<group>"; };
		CE9BAB372C7C7EF300CD6C24 /* Info.plist */ = {isa = PBXFileReference; lastKnownFileType = text.plist.xml; path = Info.plist; sourceTree = "<group>"; };
		CE9BAB402C7C99AC00CD6C24 /* TabBarController.swift */ = {isa = PBXFileReference; lastKnownFileType = sourcecode.swift; path = TabBarController.swift; sourceTree = "<group>"; };
		CE9BAB442C7C9C4700CD6C24 /* UIColor + ext.swift */ = {isa = PBXFileReference; lastKnownFileType = sourcecode.swift; path = "UIColor + ext.swift"; sourceTree = "<group>"; };
		CE9FA7E22C85E77600B3CBC8 /* BaseView.swift */ = {isa = PBXFileReference; fileEncoding = 4; lastKnownFileType = sourcecode.swift; path = BaseView.swift; sourceTree = "<group>"; };
		CEA000D72E30DA490085388E /* ReviewsViewController.swift */ = {isa = PBXFileReference; lastKnownFileType = sourcecode.swift; path = ReviewsViewController.swift; sourceTree = "<group>"; };
		CEA000DB2E30DAB80085388E /* RatingHeaderView.swift */ = {isa = PBXFileReference; lastKnownFileType = sourcecode.swift; path = RatingHeaderView.swift; sourceTree = "<group>"; };
		CEA000DD2E30DB040085388E /* ReviewPhotoCell.swift */ = {isa = PBXFileReference; lastKnownFileType = sourcecode.swift; path = ReviewPhotoCell.swift; sourceTree = "<group>"; };
		CEA000DF2E30DB3B0085388E /* ReviewCell.swift */ = {isa = PBXFileReference; lastKnownFileType = sourcecode.swift; path = ReviewCell.swift; sourceTree = "<group>"; };
		CEA000E12E30DB540085388E /* PhotoViewerController.swift */ = {isa = PBXFileReference; lastKnownFileType = sourcecode.swift; path = PhotoViewerController.swift; sourceTree = "<group>"; };
		CEA109E52C7DF4BF0095E989 /* UIView + ext.swift */ = {isa = PBXFileReference; lastKnownFileType = sourcecode.swift; path = "UIView + ext.swift"; sourceTree = "<group>"; };
		CEA109E82C7DFA920095E989 /* BaseController.swift */ = {isa = PBXFileReference; lastKnownFileType = sourcecode.swift; path = BaseController.swift; sourceTree = "<group>"; };
		CEA109EC2C7E00940095E989 /* SearchViewController.swift */ = {isa = PBXFileReference; lastKnownFileType = sourcecode.swift; path = SearchViewController.swift; sourceTree = "<group>"; };
		CEA109EF2C7E011D0095E989 /* ShoppingListViewController.swift */ = {isa = PBXFileReference; lastKnownFileType = sourcecode.swift; path = ShoppingListViewController.swift; sourceTree = "<group>"; };
		CEA109F22C7E01490095E989 /* ProfileViewController.swift */ = {isa = PBXFileReference; lastKnownFileType = sourcecode.swift; path = ProfileViewController.swift; sourceTree = "<group>"; };
		CEA2306B2E33B4B7001833F0 /* AddPhotoCell.swift */ = {isa = PBXFileReference; lastKnownFileType = sourcecode.swift; path = AddPhotoCell.swift; sourceTree = "<group>"; };
		CEA290092D81D3480017D499 /* MenuItem.swift */ = {isa = PBXFileReference; lastKnownFileType = sourcecode.swift; path = MenuItem.swift; sourceTree = "<group>"; };
		CEA2900C2D81D3930017D499 /* MenuItemCell.swift */ = {isa = PBXFileReference; lastKnownFileType = sourcecode.swift; path = MenuItemCell.swift; sourceTree = "<group>"; };
		CEA290112D81D49C0017D499 /* ShoppingViewController.swift */ = {isa = PBXFileReference; lastKnownFileType = sourcecode.swift; path = ShoppingViewController.swift; sourceTree = "<group>"; };
		CEA290142D81D5290017D499 /* ShoppingItemCell.swift */ = {isa = PBXFileReference; lastKnownFileType = sourcecode.swift; path = ShoppingItemCell.swift; sourceTree = "<group>"; };
		CEA290172D81D5500017D499 /* ShoppingItem.swift */ = {isa = PBXFileReference; lastKnownFileType = sourcecode.swift; path = ShoppingItem.swift; sourceTree = "<group>"; };
		CEA2901A2D81D6680017D499 /* SettingsViewController.swift */ = {isa = PBXFileReference; lastKnownFileType = sourcecode.swift; path = SettingsViewController.swift; sourceTree = "<group>"; };
		CEA2901E2D81D6D80017D499 /* Settings.swift */ = {isa = PBXFileReference; lastKnownFileType = sourcecode.swift; path = Settings.swift; sourceTree = "<group>"; };
		CEA290212D81D71A0017D499 /* SettingsCell.swift */ = {isa = PBXFileReference; lastKnownFileType = sourcecode.swift; path = SettingsCell.swift; sourceTree = "<group>"; };
		CEA3300D2CE4D82D00E42F4A /* NewRecipeController.swift */ = {isa = PBXFileReference; fileEncoding = 4; lastKnownFileType = sourcecode.swift; path = NewRecipeController.swift; sourceTree = "<group>"; };
		CEA330102CE4D90000E42F4A /* SettingsTVC.swift */ = {isa = PBXFileReference; fileEncoding = 4; lastKnownFileType = sourcecode.swift; path = SettingsTVC.swift; sourceTree = "<group>"; };
		CEA330182CE4D91E00E42F4A /* StepPhotoCell.swift */ = {isa = PBXFileReference; fileEncoding = 4; lastKnownFileType = sourcecode.swift; path = StepPhotoCell.swift; sourceTree = "<group>"; };
		CEA528602E0D79E200C26AB8 /* CategorySelectionController.swift */ = {isa = PBXFileReference; lastKnownFileType = sourcecode.swift; path = CategorySelectionController.swift; sourceTree = "<group>"; };
		CEA88C2B2D84451C00281274 /* FilterCategoryCell.swift */ = {isa = PBXFileReference; lastKnownFileType = sourcecode.swift; path = FilterCategoryCell.swift; sourceTree = "<group>"; };
		CEA88C2D2D84455800281274 /* CategoryItem.swift */ = {isa = PBXFileReference; lastKnownFileType = sourcecode.swift; path = CategoryItem.swift; sourceTree = "<group>"; };
		CEA9CD7B2D81D8D4002C11E7 /* AuthViewController.swift */ = {isa = PBXFileReference; lastKnownFileType = sourcecode.swift; path = AuthViewController.swift; sourceTree = "<group>"; };
		CEAC9E882CE64C0500221CCF /* Recipes.swift */ = {isa = PBXFileReference; lastKnownFileType = sourcecode.swift; path = Recipes.swift; sourceTree = "<group>"; };
		CEACB9D42C80700F00FC1C63 /* UIFont + ext.swift */ = {isa = PBXFileReference; lastKnownFileType = sourcecode.swift; path = "UIFont + ext.swift"; sourceTree = "<group>"; };
		CEAF6C3A2DAD096D00781FB8 /* PasswordResetController.swift */ = {isa = PBXFileReference; lastKnownFileType = sourcecode.swift; path = PasswordResetController.swift; sourceTree = "<group>"; };
		CEB2AF462E94FB7500863361 /* NewRecipeViewModel.swift */ = {isa = PBXFileReference; lastKnownFileType = sourcecode.swift; path = NewRecipeViewModel.swift; sourceTree = "<group>"; };
		CEB2AF482E950FF600863361 /* SettingsPickerManager.swift */ = {isa = PBXFileReference; lastKnownFileType = sourcecode.swift; path = SettingsPickerManager.swift; sourceTree = "<group>"; };
		CEB45B502C9AF71C000D9FE4 /* UITextView + ext.swift */ = {isa = PBXFileReference; lastKnownFileType = sourcecode.swift; path = "UITextView + ext.swift"; sourceTree = "<group>"; };
		CEC31A722E39FB99006D7C5A /* IngredientCell.swift */ = {isa = PBXFileReference; lastKnownFileType = sourcecode.swift; path = IngredientCell.swift; sourceTree = "<group>"; };
		CEC31A732E39FB99006D7C5A /* InstructionImageCell.swift */ = {isa = PBXFileReference; lastKnownFileType = sourcecode.swift; path = InstructionImageCell.swift; sourceTree = "<group>"; };
		CEC31A742E39FB99006D7C5A /* InstructionTextCell.swift */ = {isa = PBXFileReference; lastKnownFileType = sourcecode.swift; path = InstructionTextCell.swift; sourceTree = "<group>"; };
		CEC3EFB12D83287700248BBC /* FilterViewController.swift */ = {isa = PBXFileReference; lastKnownFileType = sourcecode.swift; path = FilterViewController.swift; sourceTree = "<group>"; };
		CEC4ACEC2D8B0B52009DBCD3 /* RecipeModel.swift */ = {isa = PBXFileReference; lastKnownFileType = sourcecode.swift; path = RecipeModel.swift; sourceTree = "<group>"; };
		CEC4ACEE2D8B0BE8009DBCD3 /* SavedRecipeModel.swift */ = {isa = PBXFileReference; lastKnownFileType = sourcecode.swift; path = SavedRecipeModel.swift; sourceTree = "<group>"; };
		CEC4ACF12D8B0C53009DBCD3 /* StorageManager.swift */ = {isa = PBXFileReference; lastKnownFileType = sourcecode.swift; path = StorageManager.swift; sourceTree = "<group>"; };
		CEC4ACF52D8B0CC0009DBCD3 /* KeyboardManager.swift */ = {isa = PBXFileReference; lastKnownFileType = sourcecode.swift; path = KeyboardManager.swift; sourceTree = "<group>"; };
		CEC4ACF72D8B14C8009DBCD3 /* NewIngredientController.swift */ = {isa = PBXFileReference; lastKnownFileType = sourcecode.swift; path = NewIngredientController.swift; sourceTree = "<group>"; };
		CEC4ACF92D8B153E009DBCD3 /* MainIngredientsTVCell.swift */ = {isa = PBXFileReference; lastKnownFileType = sourcecode.swift; path = MainIngredientsTVCell.swift; sourceTree = "<group>"; };
		CEC507182E3F863E005C8C28 /* CollectionViewFactory.swift */ = {isa = PBXFileReference; lastKnownFileType = sourcecode.swift; path = CollectionViewFactory.swift; sourceTree = "<group>"; };
		CED1AC172DDCF4A9008949B2 /* AppCordinator.swift */ = {isa = PBXFileReference; lastKnownFileType = sourcecode.swift; path = AppCordinator.swift; sourceTree = "<group>"; };
		CEDF130C2DE0CDF4000E13D0 /* Notification + ext.swift */ = {isa = PBXFileReference; lastKnownFileType = sourcecode.swift; path = "Notification + ext.swift"; sourceTree = "<group>"; };
		CEE2461B2E094A2F00DBA388 /* RecipeMetaStackView.swift */ = {isa = PBXFileReference; lastKnownFileType = sourcecode.swift; path = RecipeMetaStackView.swift; sourceTree = "<group>"; };
		CEE2461E2E094F7E00DBA388 /* RecipeImageWithFavoriteView.swift */ = {isa = PBXFileReference; lastKnownFileType = sourcecode.swift; path = RecipeImageWithFavoriteView.swift; sourceTree = "<group>"; };
		CEE246202E0996DC00DBA388 /* RecipeRatingController.swift */ = {isa = PBXFileReference; lastKnownFileType = sourcecode.swift; path = RecipeRatingController.swift; sourceTree = "<group>"; };
		CEE4CBE72E2F7A1C004AA954 /* RatingView.swift */ = {isa = PBXFileReference; lastKnownFileType = sourcecode.swift; path = RatingView.swift; sourceTree = "<group>"; };
		CEE919232DECA717001C03D7 /* UserProfile.swift */ = {isa = PBXFileReference; lastKnownFileType = sourcecode.swift; path = UserProfile.swift; sourceTree = "<group>"; };
		CEF2183D2E3769EF000F4D6D /* AlertManager.swift */ = {isa = PBXFileReference; lastKnownFileType = sourcecode.swift; path = AlertManager.swift; sourceTree = "<group>"; };
		CEF62DF52E422A69000A9EE4 /* ImageCache.swift */ = {isa = PBXFileReference; lastKnownFileType = sourcecode.swift; path = ImageCache.swift; sourceTree = "<group>"; };
		CEFAB3CD2E3B59E600769766 /* PhotoCell.swift */ = {isa = PBXFileReference; lastKnownFileType = sourcecode.swift; path = PhotoCell.swift; sourceTree = "<group>"; };
		CEFAB3D32E3B893900769766 /* DataService.swift */ = {isa = PBXFileReference; lastKnownFileType = sourcecode.swift; path = DataService.swift; sourceTree = "<group>"; };
/* End PBXFileReference section */

/* Begin PBXFrameworksBuildPhase section */
		CE9BAB232C7C7EF000CD6C24 /* Frameworks */ = {
			isa = PBXFrameworksBuildPhase;
			files = (
				CE497C0C2DF0A3D500789ED9 /* RealmSwift in Frameworks */,
				CE497C012DF0A2AE00789ED9 /* PostgREST in Frameworks */,
				CE497BFF2DF0A2AE00789ED9 /* Functions in Frameworks */,
				CE497C072DF0A2AE00789ED9 /* Supabase in Frameworks */,
				CED7765F2E2E888500BD7334 /* Kingfisher in Frameworks */,
				CE497BFD2DF0A2AE00789ED9 /* Auth in Frameworks */,
				CE497C052DF0A2AE00789ED9 /* Storage in Frameworks */,
				CE497C032DF0A2AE00789ED9 /* Realtime in Frameworks */,
			);
		};
/* End PBXFrameworksBuildPhase section */

/* Begin PBXGroup section */
		CE04BFEA2E2551470009A94A /* Instruction */ = {
			isa = PBXGroup;
			children = (
				CE04BFEC2E2551940009A94A /* Controllers */,
				CE04BFEB2E25517D0009A94A /* Cells */,
			);
			path = Instruction;
			sourceTree = "<group>";
		};
		CE04BFEB2E25517D0009A94A /* Cells */ = {
			isa = PBXGroup;
			children = (
				CE04BFBE2E2501F20009A94A /* StepLabelCell.swift */,
				CEA330182CE4D91E00E42F4A /* StepPhotoCell.swift */,
			);
			path = Cells;
			sourceTree = "<group>";
		};
		CE04BFEC2E2551940009A94A /* Controllers */ = {
			isa = PBXGroup;
			children = (
				CE93D9872DF705DD008AC5DF /* NewStepController.swift */,
			);
			path = Controllers;
			sourceTree = "<group>";
		};
		CE04BFED2E2551B40009A94A /* Category */ = {
			isa = PBXGroup;
			children = (
				CE04BFEE2E2551DC0009A94A /* Controllers */,
				CE04BFEF2E2551F50009A94A /* Cells */,
			);
			path = Category;
			sourceTree = "<group>";
		};
		CE04BFEE2E2551DC0009A94A /* Controllers */ = {
			isa = PBXGroup;
			children = (
				CEA528602E0D79E200C26AB8 /* CategorySelectionController.swift */,
			);
			path = Controllers;
			sourceTree = "<group>";
		};
		CE04BFEF2E2551F50009A94A /* Cells */ = {
			isa = PBXGroup;
			children = (
				CE04BFBB2E2501F20009A94A /* AddCategoryGridCell.swift */,
				CE04BFBC2E2501F20009A94A /* CategoryCell.swift */,
				CE04BFBD2E2501F20009A94A /* CategoryGridCell.swift */,
			);
			path = Cells;
			sourceTree = "<group>";
		};
		CE04BFF02E2552100009A94A /* Ingredients */ = {
			isa = PBXGroup;
			children = (
				CE04BFF22E2552410009A94A /* Cells */,
				CE04BFF12E2552360009A94A /* Controllers */,
			);
			path = Ingredients;
			sourceTree = "<group>";
		};
		CE04BFF12E2552360009A94A /* Controllers */ = {
			isa = PBXGroup;
			children = (
				CEC4ACF72D8B14C8009DBCD3 /* NewIngredientController.swift */,
			);
			path = Controllers;
			sourceTree = "<group>";
		};
		CE04BFF22E2552410009A94A /* Cells */ = {
			isa = PBXGroup;
			children = (
				CEC4ACF92D8B153E009DBCD3 /* MainIngredientsTVCell.swift */,
			);
			path = Cells;
			sourceTree = "<group>";
		};
		CE04BFF32E2552AC0009A94A /* Tags */ = {
			isa = PBXGroup;
			children = (
				CEA290102D81D4710017D499 /* Controllers */,
				CEA3300F2CE4D8E600E42F4A /* Cells */,
			);
			path = Tags;
			sourceTree = "<group>";
		};
		CE0F0A222E43821B00DAE0CA /* Settings */ = {
			isa = PBXGroup;
			children = (
				CEB2AF4A2E9532A300863361 /* Manager */,
				CE0F0A232E43822700DAE0CA /* Cells */,
			);
			path = Settings;
			sourceTree = "<group>";
		};
		CE0F0A232E43822700DAE0CA /* Cells */ = {
			isa = PBXGroup;
			children = (
				CEA330102CE4D90000E42F4A /* SettingsTVC.swift */,
			);
			path = Cells;
			sourceTree = "<group>";
		};
		CE7730102E8D6B9D006018BC /* DataSource */ = {
			isa = PBXGroup;
			children = (
				CE77300D2E8D6922006018BC /* CategoriesCollectionViewDataSource.swift */,
				CE7730072E8D1189006018BC /* IngredientsDataSource.swift */,
				CE7730092E8D11B9006018BC /* InstructionsDataSource.swift */,
				CE77300B2E8D68EF006018BC /* TagsCollectionViewDataSource.swift */,
			);
			path = DataSource;
			sourceTree = "<group>";
		};
		CE7730112E8D6BB5006018BC /* ViewModel */ = {
			isa = PBXGroup;
			children = (
				CE8A82A82E829A3600AE6F95 /* RecipeWatchViewModel.swift */,
			);
			path = ViewModel;
			sourceTree = "<group>";
		};
		CE9391902D830D01006E61A3 /* Controllers */ = {
			isa = PBXGroup;
			children = (
				CEA109EC2C7E00940095E989 /* SearchViewController.swift */,
			);
			path = Controllers;
			sourceTree = "<group>";
		};
		CE9391912D830D0A006E61A3 /* Cells */ = {
			isa = PBXGroup;
			children = (
				CE93918E2D830CF2006E61A3 /* RecipeSearchCell.swift */,
			);
			path = Cells;
			sourceTree = "<group>";
		};
		CE9669632E5350420079FA20 /* Factory */ = {
			isa = PBXGroup;
			children = (
				CE9489EF2E50A66B00CDB6F0 /* TableViewFactory.swift */,
				CEC507182E3F863E005C8C28 /* CollectionViewFactory.swift */,
			);
			path = Factory;
			sourceTree = "<group>";
		};
		CE96A7FE2E844219007C6F40 /* Resources */ = {
			isa = PBXGroup;
			children = (
				CE96A7FA2E843B9C007C6F40 /* AppColors.swift */,
				CE96A7F82E843973007C6F40 /* AppImages.swift */,
				CE96A7F62E8433A8007C6F40 /* AppStrings.swift */,
				CE96A7F42E843312007C6F40 /* Constants.swift */,
				CE96A7F22E840546007C6F40 /* AppError.swift */,
			);
			path = Resources;
			sourceTree = "<group>";
		};
		CE96E28F2D99857B0001B4DB /* RecipeWatch */ = {
			isa = PBXGroup;
			children = (
				CEA2306D2E33C466001833F0 /* Controllers */,
				CE7730112E8D6BB5006018BC /* ViewModel */,
				CE7730102E8D6B9D006018BC /* DataSource */,
				CE96E2942D9985D30001B4DB /* Views */,
			);
			path = RecipeWatch;
			sourceTree = "<group>";
		};
		CE96E2942D9985D30001B4DB /* Views */ = {
			isa = PBXGroup;
			children = (
				CEC31A782E3A4624006D7C5A /* Cells */,
				CEE2461B2E094A2F00DBA388 /* RecipeMetaStackView.swift */,
				CEE2461E2E094F7E00DBA388 /* RecipeImageWithFavoriteView.swift */,
			);
			path = Views;
			sourceTree = "<group>";
		};
		CE9BAB1D2C7C7EF000CD6C24 = {
			isa = PBXGroup;
			children = (
				CE9BAB282C7C7EF000CD6C24 /* Povareshka */,
				CE9BAB272C7C7EF000CD6C24 /* Products */,
			);
			sourceTree = "<group>";
		};
		CE9BAB272C7C7EF000CD6C24 /* Products */ = {
			isa = PBXGroup;
			children = (
				CE9BAB262C7C7EF000CD6C24 /* Povareshka.app */,
			);
			name = Products;
			sourceTree = "<group>";
		};
		CE9BAB282C7C7EF000CD6C24 /* Povareshka */ = {
			isa = PBXGroup;
			children = (
				CEC31A7A2E3A591B006D7C5A /* Archive */,
				CE9BAB3D2C7C80AC00CD6C24 /* Application */,
				CEA3301C2CE4D92500E42F4A /* Models */,
				CEC4ACF02D8B0C35009DBCD3 /* Managers */,
				CEA9CD7A2D81D88E002C11E7 /* Authorization */,
				CEA2306E2E33C49A001833F0 /* Recipe */,
				CEA000D62E30D9B30085388E /* Reviews */,
				CE9BAB422C7C9C2100CD6C24 /* Helpers */,
				CEA109E72C7DFA730095E989 /* Base */,
				CEA290242D81D7C90017D499 /* TabBarItems */,
				CE9BAB3E2C7C80C900CD6C24 /* SupportingFiles */,
			);
			path = Povareshka;
			sourceTree = "<group>";
		};
		CE9BAB3D2C7C80AC00CD6C24 /* Application */ = {
			isa = PBXGroup;
			children = (
				CE9BAB292C7C7EF000CD6C24 /* AppDelegate.swift */,
				CE9BAB2B2C7C7EF000CD6C24 /* SceneDelegate.swift */,
				CED1AC172DDCF4A9008949B2 /* AppCordinator.swift */,
			);
			path = Application;
			sourceTree = "<group>";
		};
		CE9BAB3E2C7C80C900CD6C24 /* SupportingFiles */ = {
			isa = PBXGroup;
			children = (
				CE96A8012E844743007C6F40 /* Config.plist */,
				CE9BAB322C7C7EF300CD6C24 /* Assets.xcassets */,
				CE9BAB342C7C7EF300CD6C24 /* LaunchScreen.storyboard */,
				CE9BAB372C7C7EF300CD6C24 /* Info.plist */,
			);
			path = SupportingFiles;
			sourceTree = "<group>";
		};
		CE9BAB422C7C9C2100CD6C24 /* Helpers */ = {
			isa = PBXGroup;
			children = (
				CE96A7FE2E844219007C6F40 /* Resources */,
				CE9669632E5350420079FA20 /* Factory */,
				CE9BAB432C7C9C2B00CD6C24 /* Extensions */,
				CE96A7FC2E843FF3007C6F40 /* RecipeSettings.swift */,
			);
			path = Helpers;
			sourceTree = "<group>";
		};
		CE9BAB432C7C9C2B00CD6C24 /* Extensions */ = {
			isa = PBXGroup;
			children = (
				CE9BAB442C7C9C4700CD6C24 /* UIColor + ext.swift */,
				CEACB9D42C80700F00FC1C63 /* UIFont + ext.swift */,
				CEA109E52C7DF4BF0095E989 /* UIView + ext.swift */,
				CEB45B502C9AF71C000D9FE4 /* UITextView + ext.swift */,
				CEDF130C2DE0CDF4000E13D0 /* Notification + ext.swift */,
			);
			path = Extensions;
			sourceTree = "<group>";
		};
		CEA000D62E30D9B30085388E /* Reviews */ = {
			isa = PBXGroup;
			children = (
				CEA230692E337355001833F0 /* Controllers */,
				CEA2306A2E339373001833F0 /* Views */,
			);
			path = Reviews;
			sourceTree = "<group>";
		};
		CEA109E72C7DFA730095E989 /* Base */ = {
			isa = PBXGroup;
			children = (
				CE9BAB402C7C99AC00CD6C24 /* TabBarController.swift */,
				CEA109E82C7DFA920095E989 /* BaseController.swift */,
				CE9FA7E22C85E77600B3CBC8 /* BaseView.swift */,
			);
			path = Base;
			sourceTree = "<group>";
		};
		CEA109EA2C7E00700095E989 /* Main */ = {
			isa = PBXGroup;
			children = (
				CEACB9D72C809A5A00FC1C63 /* Views */,
				CEACB9D62C809A5000FC1C63 /* Controllers */,
			);
			path = Main;
			sourceTree = "<group>";
		};
		CEA109EB2C7E007C0095E989 /* Search */ = {
			isa = PBXGroup;
			children = (
				CE9391902D830D01006E61A3 /* Controllers */,
				CE9391912D830D0A006E61A3 /* Cells */,
				CEA88C292D8444ED00281274 /* Filter */,
			);
			path = Search;
			sourceTree = "<group>";
		};
		CEA109EE2C7E00C80095E989 /* ShopList */ = {
			isa = PBXGroup;
			children = (
				CEA109EF2C7E011D0095E989 /* ShoppingListViewController.swift */,
			);
			path = ShopList;
			sourceTree = "<group>";
		};
		CEA109F12C7E01330095E989 /* Profile */ = {
			isa = PBXGroup;
			children = (
				CEA2901C2D81D6770017D499 /* Settings */,
				CEA2900F2D81D43E0017D499 /* ShoppingList */,
				CEA290052D81D2850017D499 /* Controllers */,
				CEA2900B2D81D3510017D499 /* Models */,
				CEA2900E2D81D3D00017D499 /* Cells */,
			);
			path = Profile;
			sourceTree = "<group>";
		};
		CEA230692E337355001833F0 /* Controllers */ = {
			isa = PBXGroup;
			children = (
				CEA000D72E30DA490085388E /* ReviewsViewController.swift */,
				CEA000E12E30DB540085388E /* PhotoViewerController.swift */,
				CE88BB982E4E304F009B58A4 /* RatingSorterManager.swift */,
			);
			path = Controllers;
			sourceTree = "<group>";
		};
		CEA2306A2E339373001833F0 /* Views */ = {
			isa = PBXGroup;
			children = (
				CEA000DB2E30DAB80085388E /* RatingHeaderView.swift */,
				CEFAB3D22E3B5A7F00769766 /* Cells */,
			);
			path = Views;
			sourceTree = "<group>";
		};
		CEA2306D2E33C466001833F0 /* Controllers */ = {
			isa = PBXGroup;
			children = (
				CE96E2922D9985B80001B4DB /* RecipeWatchController.swift */,
			);
			path = Controllers;
			sourceTree = "<group>";
		};
		CEA2306E2E33C49A001833F0 /* Recipe */ = {
			isa = PBXGroup;
			children = (
				CEFAB3CC2E3B597100769766 /* Feedback */,
				CE96E28F2D99857B0001B4DB /* RecipeWatch */,
				CEA3300C2CE4D7FE00E42F4A /* RecipeCreate */,
			);
			path = Recipe;
			sourceTree = "<group>";
		};
		CEA290052D81D2850017D499 /* Controllers */ = {
			isa = PBXGroup;
			children = (
				CEA109F22C7E01490095E989 /* ProfileViewController.swift */,
				CE64546F2DEF357C000278A0 /* EditProfileController.swift */,
			);
			path = Controllers;
			sourceTree = "<group>";
		};
		CEA2900B2D81D3510017D499 /* Models */ = {
			isa = PBXGroup;
			children = (
				CEA290092D81D3480017D499 /* MenuItem.swift */,
			);
			path = Models;
			sourceTree = "<group>";
		};
		CEA2900E2D81D3D00017D499 /* Cells */ = {
			isa = PBXGroup;
			children = (
				CEA2900C2D81D3930017D499 /* MenuItemCell.swift */,
			);
			path = Cells;
			sourceTree = "<group>";
		};
		CEA2900F2D81D43E0017D499 /* ShoppingList */ = {
			isa = PBXGroup;
			children = (
				CEA290132D81D4F60017D499 /* Controllers */,
				CEA290162D81D52E0017D499 /* Cells */,
				CEA290192D81D5570017D499 /* Models */,
			);
			path = ShoppingList;
			sourceTree = "<group>";
		};
		CEA290102D81D4710017D499 /* Controllers */ = {
			isa = PBXGroup;
			children = (
				CE960A312E0404EC009BD784 /* AddTagViewController.swift */,
			);
			path = Controllers;
			sourceTree = "<group>";
		};
		CEA290132D81D4F60017D499 /* Controllers */ = {
			isa = PBXGroup;
			children = (
				CEA290112D81D49C0017D499 /* ShoppingViewController.swift */,
			);
			path = Controllers;
			sourceTree = "<group>";
		};
		CEA290162D81D52E0017D499 /* Cells */ = {
			isa = PBXGroup;
			children = (
				CEA290142D81D5290017D499 /* ShoppingItemCell.swift */,
			);
			path = Cells;
			sourceTree = "<group>";
		};
		CEA290192D81D5570017D499 /* Models */ = {
			isa = PBXGroup;
			children = (
				CEA290172D81D5500017D499 /* ShoppingItem.swift */,
			);
			path = Models;
			sourceTree = "<group>";
		};
		CEA2901C2D81D6770017D499 /* Settings */ = {
			isa = PBXGroup;
			children = (
				CEA2901D2D81D6860017D499 /* Controllers */,
				CEA290202D81D6DC0017D499 /* Models */,
				CEA290232D81D71E0017D499 /* Cells */,
			);
			path = Settings;
			sourceTree = "<group>";
		};
		CEA2901D2D81D6860017D499 /* Controllers */ = {
			isa = PBXGroup;
			children = (
				CEA2901A2D81D6680017D499 /* SettingsViewController.swift */,
			);
			path = Controllers;
			sourceTree = "<group>";
		};
		CEA290202D81D6DC0017D499 /* Models */ = {
			isa = PBXGroup;
			children = (
				CEA2901E2D81D6D80017D499 /* Settings.swift */,
			);
			path = Models;
			sourceTree = "<group>";
		};
		CEA290232D81D71E0017D499 /* Cells */ = {
			isa = PBXGroup;
			children = (
				CEA290212D81D71A0017D499 /* SettingsCell.swift */,
			);
			path = Cells;
			sourceTree = "<group>";
		};
		CEA290242D81D7C90017D499 /* TabBarItems */ = {
			isa = PBXGroup;
			children = (
				CEA109EA2C7E00700095E989 /* Main */,
				CEA109EB2C7E007C0095E989 /* Search */,
				CEA109EE2C7E00C80095E989 /* ShopList */,
				CEA109F12C7E01330095E989 /* Profile */,
			);
			path = TabBarItems;
			sourceTree = "<group>";
		};
		CEA3300C2CE4D7FE00E42F4A /* RecipeCreate */ = {
			isa = PBXGroup;
			children = (
				CEB2AF422E94FAF200863361 /* Main */,
				CE0F0A222E43821B00DAE0CA /* Settings */,
				CE04BFED2E2551B40009A94A /* Category */,
				CE04BFF32E2552AC0009A94A /* Tags */,
				CE04BFF02E2552100009A94A /* Ingredients */,
				CE04BFEA2E2551470009A94A /* Instruction */,
			);
			path = RecipeCreate;
			sourceTree = "<group>";
		};
		CEA3300F2CE4D8E600E42F4A /* Cells */ = {
			isa = PBXGroup;
			children = (
				CE04BFBF2E2501F20009A94A /* TagCollectionViewCell.swift */,
			);
			path = Cells;
			sourceTree = "<group>";
		};
		CEA3301C2CE4D92500E42F4A /* Models */ = {
			isa = PBXGroup;
			children = (
				CEAC9E872CE64BF300221CCF /* Recipes */,
			);
			path = Models;
			sourceTree = "<group>";
		};
		CEA88C292D8444ED00281274 /* Filter */ = {
			isa = PBXGroup;
			children = (
				CEA88C2A2D8444FB00281274 /* Controllers */,
				CEA88C2B2D84451C00281274 /* FilterCategoryCell.swift */,
				CEA88C2D2D84455800281274 /* CategoryItem.swift */,
			);
			path = Filter;
			sourceTree = "<group>";
		};
		CEA88C2A2D8444FB00281274 /* Controllers */ = {
			isa = PBXGroup;
			children = (
				CEC3EFB12D83287700248BBC /* FilterViewController.swift */,
			);
			path = Controllers;
			sourceTree = "<group>";
		};
		CEA9CD7A2D81D88E002C11E7 /* Authorization */ = {
			isa = PBXGroup;
			children = (
				CE93F43D2DA909FE00CF3144 /* BaseAuthViewController.swift */,
				CEA9CD7B2D81D8D4002C11E7 /* AuthViewController.swift */,
				CEAF6C3A2DAD096D00781FB8 /* PasswordResetController.swift */,
				CE2164F82DD764FC003479E5 /* NewPasswordController.swift */,
				CE96A8032E844852007C6F40 /* SupabaseConfig.swift */,
			);
			path = Authorization;
			sourceTree = "<group>";
		};
		CEAC9E872CE64BF300221CCF /* Recipes */ = {
			isa = PBXGroup;
			children = (
				CEE919232DECA717001C03D7 /* UserProfile.swift */,
				CEAC9E882CE64C0500221CCF /* Recipes.swift */,
			);
			path = Recipes;
			sourceTree = "<group>";
		};
		CEACB9D62C809A5000FC1C63 /* Controllers */ = {
			isa = PBXGroup;
			children = (
				CE9BAB2D2C7C7EF000CD6C24 /* MainViewController.swift */,
			);
			path = Controllers;
			sourceTree = "<group>";
		};
		CEACB9D72C809A5A00FC1C63 /* Views */ = {
			isa = PBXGroup;
			children = (
				CE3535022C7F42A2006B6A26 /* TrendingNowCollectionViewCell.swift */,
			);
			path = Views;
			sourceTree = "<group>";
		};
		CEB2AF422E94FAF200863361 /* Main */ = {
			isa = PBXGroup;
			children = (
				CEB2AF432E94FB1C00863361 /* Controllers */,
				CEB2AF452E94FB5E00863361 /* ViewModel */,
				CEB2AF442E94FB3400863361 /* DataSource */,
			);
			path = Main;
			sourceTree = "<group>";
		};
		CEB2AF432E94FB1C00863361 /* Controllers */ = {
			isa = PBXGroup;
			children = (
				CEA3300D2CE4D82D00E42F4A /* NewRecipeController.swift */,
			);
			path = Controllers;
			sourceTree = "<group>";
		};
		CEB2AF442E94FB3400863361 /* DataSource */ = {
			isa = PBXGroup;
			children = (
				CE24AD212E9665A300C7AC2E /* DataSourceConfigure.swift */,
				CE30EE582E93EE370010EA90 /* TagsCreateDataSource.swift */,
				CE24AD232E9693E900C7AC2E /* CategoriesCreateDataSource.swift */,
				CE7730122E8D783B006018BC /* IngredientsCreateDataSource.swift */,
				CE7730142E8D789E006018BC /* InstructionsCreateDataSource.swift */,
				CE9322EF2E8FB8B300B6D4F6 /* SettingsDataSource.swift */,
			);
			path = DataSource;
			sourceTree = "<group>";
		};
		CEB2AF452E94FB5E00863361 /* ViewModel */ = {
			isa = PBXGroup;
			children = (
				CEB2AF462E94FB7500863361 /* NewRecipeViewModel.swift */,
			);
			path = ViewModel;
			sourceTree = "<group>";
		};
		CEB2AF4A2E9532A300863361 /* Manager */ = {
			isa = PBXGroup;
			children = (
				CEB2AF482E950FF600863361 /* SettingsPickerManager.swift */,
			);
			path = Manager;
			sourceTree = "<group>";
		};
		CEC31A782E3A4624006D7C5A /* Cells */ = {
			isa = PBXGroup;
			children = (
				CEC31A722E39FB99006D7C5A /* IngredientCell.swift */,
				CEC31A732E39FB99006D7C5A /* InstructionImageCell.swift */,
				CEC31A742E39FB99006D7C5A /* InstructionTextCell.swift */,
			);
			path = Cells;
			sourceTree = "<group>";
		};
		CEC31A7A2E3A591B006D7C5A /* Archive */ = {
			isa = PBXGroup;
			children = (
				CEC4ACF12D8B0C53009DBCD3 /* StorageManager.swift */,
				CEC4ACEC2D8B0B52009DBCD3 /* RecipeModel.swift */,
				CEC4ACEE2D8B0BE8009DBCD3 /* SavedRecipeModel.swift */,
			);
			path = Archive;
			sourceTree = "<group>";
		};
		CEC4ACF02D8B0C35009DBCD3 /* Managers */ = {
			isa = PBXGroup;
			children = (
				CEFAB3D32E3B893900769766 /* DataService.swift */,
				CE94F75B2DB150F000EC90B1 /* SupabaseManager.swift */,
				CEC4ACF52D8B0CC0009DBCD3 /* KeyboardManager.swift */,
				CE938D772D9AE78E00CF8683 /* ShoppingListManager.swift */,
				CE8F04CE2E05444700978883 /* TagsManager.swift */,
				CEF2183D2E3769EF000F4D6D /* AlertManager.swift */,
				CEF62DF52E422A69000A9EE4 /* ImageCache.swift */,
			);
			path = Managers;
			sourceTree = "<group>";
		};
		CEFAB3CC2E3B597100769766 /* Feedback */ = {
			isa = PBXGroup;
			children = (
				CEFAB3D12E3B5A6100769766 /* Controllers */,
				CEFAB3CF2E3B5A3500769766 /* Views */,
			);
			path = Feedback;
			sourceTree = "<group>";
		};
		CEFAB3CF2E3B5A3500769766 /* Views */ = {
			isa = PBXGroup;
			children = (
				CEFAB3D02E3B5A4C00769766 /* Cells */,
				CEE4CBE72E2F7A1C004AA954 /* RatingView.swift */,
			);
			path = Views;
			sourceTree = "<group>";
		};
		CEFAB3D02E3B5A4C00769766 /* Cells */ = {
			isa = PBXGroup;
			children = (
				CEA2306B2E33B4B7001833F0 /* AddPhotoCell.swift */,
				CEFAB3CD2E3B59E600769766 /* PhotoCell.swift */,
			);
			path = Cells;
			sourceTree = "<group>";
		};
		CEFAB3D12E3B5A6100769766 /* Controllers */ = {
			isa = PBXGroup;
			children = (
				CEE246202E0996DC00DBA388 /* RecipeRatingController.swift */,
			);
			path = Controllers;
			sourceTree = "<group>";
		};
		CEFAB3D22E3B5A7F00769766 /* Cells */ = {
			isa = PBXGroup;
			children = (
				CE88BB962E4DCFC0009B58A4 /* PhotoViewerCell.swift */,
				CEA000DD2E30DB040085388E /* ReviewPhotoCell.swift */,
				CEA000DF2E30DB3B0085388E /* ReviewCell.swift */,
			);
			path = Cells;
			sourceTree = "<group>";
		};
/* End PBXGroup section */

/* Begin PBXNativeTarget section */
		CE9BAB252C7C7EF000CD6C24 /* Povareshka */ = {
			isa = PBXNativeTarget;
			buildConfigurationList = CE9BAB3A2C7C7EF300CD6C24 /* Build configuration list for PBXNativeTarget "Povareshka" */;
			buildPhases = (
				CE9BAB222C7C7EF000CD6C24 /* Sources */,
				CE9BAB232C7C7EF000CD6C24 /* Frameworks */,
				CE9BAB242C7C7EF000CD6C24 /* Resources */,
				CE80EEB92E27D90C00E61A7F /* Embed Frameworks */,
			);
			buildRules = (
			);
			name = Povareshka;
			packageProductDependencies = (
				CE497BFC2DF0A2AE00789ED9 /* Auth */,
				CE497BFE2DF0A2AE00789ED9 /* Functions */,
				CE497C002DF0A2AE00789ED9 /* PostgREST */,
				CE497C022DF0A2AE00789ED9 /* Realtime */,
				CE497C042DF0A2AE00789ED9 /* Storage */,
				CE497C062DF0A2AE00789ED9 /* Supabase */,
				CE497C0B2DF0A3D500789ED9 /* RealmSwift */,
				CED7765E2E2E888500BD7334 /* Kingfisher */,
			);
			productName = Povareshka;
			productReference = CE9BAB262C7C7EF000CD6C24 /* Povareshka.app */;
			productType = "com.apple.product-type.application";
		};
/* End PBXNativeTarget section */

/* Begin PBXProject section */
		CE9BAB1E2C7C7EF000CD6C24 /* Project object */ = {
			isa = PBXProject;
			attributes = {
				BuildIndependentTargetsInParallel = 1;
				LastSwiftUpdateCheck = 1400;
				LastUpgradeCheck = 1630;
				TargetAttributes = {
					CE9BAB252C7C7EF000CD6C24 = {
						CreatedOnToolsVersion = 14.0.1;
					};
				};
			};
			buildConfigurationList = CE9BAB212C7C7EF000CD6C24 /* Build configuration list for PBXProject "Povareshka" */;
			developmentRegion = en;
			hasScannedForEncodings = 0;
			knownRegions = (
				en,
				Base,
			);
			mainGroup = CE9BAB1D2C7C7EF000CD6C24;
			packageReferences = (
				CE497BFB2DF0A2AE00789ED9 /* XCRemoteSwiftPackageReference "supabase-swift" */,
				CE497C082DF0A3D500789ED9 /* XCRemoteSwiftPackageReference "realm-swift" */,
				CED7765D2E2E888500BD7334 /* XCRemoteSwiftPackageReference "Kingfisher" */,
			);
			preferredProjectObjectVersion = 90;
			productRefGroup = CE9BAB272C7C7EF000CD6C24 /* Products */;
			projectDirPath = "";
			projectRoot = "";
			targets = (
				CE9BAB252C7C7EF000CD6C24 /* Povareshka */,
			);
		};
/* End PBXProject section */

/* Begin PBXResourcesBuildPhase section */
		CE9BAB242C7C7EF000CD6C24 /* Resources */ = {
			isa = PBXResourcesBuildPhase;
			files = (
				CE9BAB362C7C7EF300CD6C24 /* LaunchScreen.storyboard in Resources */,
				CE96A8022E844743007C6F40 /* Config.plist in Resources */,
				CE9BAB332C7C7EF300CD6C24 /* Assets.xcassets in Resources */,
			);
		};
/* End PBXResourcesBuildPhase section */

/* Begin PBXSourcesBuildPhase section */
		CE9BAB222C7C7EF000CD6C24 /* Sources */ = {
			isa = PBXSourcesBuildPhase;
			files = (
				CE9BAB2E2C7C7EF000CD6C24 /* MainViewController.swift in Sources */,
				CE77300E2E8D6922006018BC /* CategoriesCollectionViewDataSource.swift in Sources */,
				CEE2461C2E094A2F00DBA388 /* RecipeMetaStackView.swift in Sources */,
				CEA109E92C7DFA920095E989 /* BaseController.swift in Sources */,
				CEA000DE2E30DB040085388E /* ReviewPhotoCell.swift in Sources */,
				CEB45B512C9AF71C000D9FE4 /* UITextView + ext.swift in Sources */,
				CEA000E02E30DB3B0085388E /* ReviewCell.swift in Sources */,
				CE938D782D9AE78E00CF8683 /* ShoppingListManager.swift in Sources */,
				CEA3301B2CE4D91F00E42F4A /* StepPhotoCell.swift in Sources */,
				CEA109F02C7E011D0095E989 /* ShoppingListViewController.swift in Sources */,
				CE8F04CF2E05444700978883 /* TagsManager.swift in Sources */,
				CE04BFC02E2501F20009A94A /* TagCollectionViewCell.swift in Sources */,
				CEF2183E2E3769EF000F4D6D /* AlertManager.swift in Sources */,
				CE04BFC12E2501F20009A94A /* CategoryGridCell.swift in Sources */,
				CE96A7FB2E843B9C007C6F40 /* AppColors.swift in Sources */,
				CE04BFC22E2501F20009A94A /* CategoryCell.swift in Sources */,
				CE04BFC32E2501F20009A94A /* AddCategoryGridCell.swift in Sources */,
				CE04BFC42E2501F20009A94A /* StepLabelCell.swift in Sources */,
				CEE4CBE82E2F7A1C004AA954 /* RatingView.swift in Sources */,
				CED1AC182DDCF4A9008949B2 /* AppCordinator.swift in Sources */,
				CE77300A2E8D11B9006018BC /* InstructionsDataSource.swift in Sources */,
				CE6454702DEF357C000278A0 /* EditProfileController.swift in Sources */,
				CE9BAB412C7C99AC00CD6C24 /* TabBarController.swift in Sources */,
				CE96A7F32E840546007C6F40 /* AppError.swift in Sources */,
				CEC4ACF22D8B0C53009DBCD3 /* StorageManager.swift in Sources */,
				CE7730082E8D1189006018BC /* IngredientsDataSource.swift in Sources */,
				CEA88C2C2D84451C00281274 /* FilterCategoryCell.swift in Sources */,
				CE96E2932D9985B80001B4DB /* RecipeWatchController.swift in Sources */,
				CE88BB992E4E304F009B58A4 /* RatingSorterManager.swift in Sources */,
				CEA2900D2D81D3930017D499 /* MenuItemCell.swift in Sources */,
				CEA330122CE4D90000E42F4A /* SettingsTVC.swift in Sources */,
				CEA109E62C7DF4BF0095E989 /* UIView + ext.swift in Sources */,
				CEB2AF492E950FF600863361 /* SettingsPickerManager.swift in Sources */,
				CEFAB3D42E3B893900769766 /* DataService.swift in Sources */,
				CE7730152E8D789E006018BC /* InstructionsCreateDataSource.swift in Sources */,
				CEC4ACFA2D8B153E009DBCD3 /* MainIngredientsTVCell.swift in Sources */,
				CEC4ACED2D8B0B52009DBCD3 /* RecipeModel.swift in Sources */,
				CE96A7F52E843312007C6F40 /* Constants.swift in Sources */,
				CEB2AF472E94FB7500863361 /* NewRecipeViewModel.swift in Sources */,
				CEC507192E3F863E005C8C28 /* CollectionViewFactory.swift in Sources */,
				CEA109ED2C7E00940095E989 /* SearchViewController.swift in Sources */,
				CE93D9882DF705DD008AC5DF /* NewStepController.swift in Sources */,
				CE77300C2E8D68EF006018BC /* TagsCollectionViewDataSource.swift in Sources */,
				CE96A7FD2E843FF3007C6F40 /* RecipeSettings.swift in Sources */,
				CE24AD222E9665A300C7AC2E /* DataSourceConfigure.swift in Sources */,
				CEA2306C2E33B4B7001833F0 /* AddPhotoCell.swift in Sources */,
				CEF62DF62E422A69000A9EE4 /* ImageCache.swift in Sources */,
				CE96A7F92E843973007C6F40 /* AppImages.swift in Sources */,
				CEAF6C3B2DAD096D00781FB8 /* PasswordResetController.swift in Sources */,
				CE3535032C7F42A2006B6A26 /* TrendingNowCollectionViewCell.swift in Sources */,
				CE8A82A92E829A3600AE6F95 /* RecipeWatchViewModel.swift in Sources */,
				CE88BB972E4DCFC0009B58A4 /* PhotoViewerCell.swift in Sources */,
				CEA290152D81D5290017D499 /* ShoppingItemCell.swift in Sources */,
				CEA109F32C7E01490095E989 /* ProfileViewController.swift in Sources */,
				CEC3EFB22D83287700248BBC /* FilterViewController.swift in Sources */,
				CE9BAB2A2C7C7EF000CD6C24 /* AppDelegate.swift in Sources */,
				CEA88C2E2D84455800281274 /* CategoryItem.swift in Sources */,
				CEA3300E2CE4D82D00E42F4A /* NewRecipeController.swift in Sources */,
				CEA2900A2D81D3480017D499 /* MenuItem.swift in Sources */,
				CEFAB3CE2E3B59E600769766 /* PhotoCell.swift in Sources */,
				CEA000DC2E30DAB80085388E /* RatingHeaderView.swift in Sources */,
				CEA000E22E30DB540085388E /* PhotoViewerController.swift in Sources */,
				CEC4ACF62D8B0CC0009DBCD3 /* KeyboardManager.swift in Sources */,
				CEC4ACF82D8B14C8009DBCD3 /* NewIngredientController.swift in Sources */,
				CEC4ACEF2D8B0BE8009DBCD3 /* SavedRecipeModel.swift in Sources */,
				CE960A322E0404EC009BD784 /* AddTagViewController.swift in Sources */,
				CE93F43E2DA909FE00CF3144 /* BaseAuthViewController.swift in Sources */,
				CEA2901F2D81D6D80017D499 /* Settings.swift in Sources */,
				CE94F75C2DB150F000EC90B1 /* SupabaseManager.swift in Sources */,
				CEA9CD7C2D81D8D4002C11E7 /* AuthViewController.swift in Sources */,
				CE9BAB452C7C9C4700CD6C24 /* UIColor + ext.swift in Sources */,
				CEE919242DECA717001C03D7 /* UserProfile.swift in Sources */,
				CEAC9E892CE64C0500221CCF /* Recipes.swift in Sources */,
				CEA2901B2D81D6680017D499 /* SettingsViewController.swift in Sources */,
				CE9322F02E8FB8B300B6D4F6 /* SettingsDataSource.swift in Sources */,
				CEA000D82E30DA490085388E /* ReviewsViewController.swift in Sources */,
				CEACB9D52C80700F00FC1C63 /* UIFont + ext.swift in Sources */,
				CEA290182D81D5500017D499 /* ShoppingItem.swift in Sources */,
				CE7730132E8D783B006018BC /* IngredientsCreateDataSource.swift in Sources */,
				CEDF130D2DE0CDF4000E13D0 /* Notification + ext.swift in Sources */,
				CEC31A752E39FB99006D7C5A /* InstructionTextCell.swift in Sources */,
				CEC31A762E39FB99006D7C5A /* IngredientCell.swift in Sources */,
				CE30EE592E93EE370010EA90 /* TagsCreateDataSource.swift in Sources */,
				CEC31A772E39FB99006D7C5A /* InstructionImageCell.swift in Sources */,
				CE96A7F72E8433A8007C6F40 /* AppStrings.swift in Sources */,
				CEA290122D81D49C0017D499 /* ShoppingViewController.swift in Sources */,
				CEA528612E0D79E200C26AB8 /* CategorySelectionController.swift in Sources */,
				CE24AD242E9693E900C7AC2E /* CategoriesCreateDataSource.swift in Sources */,
				CE9FA7E32C85E77600B3CBC8 /* BaseView.swift in Sources */,
				CEA290222D81D71A0017D499 /* SettingsCell.swift in Sources */,
				CE96A8042E844852007C6F40 /* SupabaseConfig.swift in Sources */,
				CE9BAB2C2C7C7EF000CD6C24 /* SceneDelegate.swift in Sources */,
				CE93918F2D830CF2006E61A3 /* RecipeSearchCell.swift in Sources */,
				CE9489F02E50A66B00CDB6F0 /* TableViewFactory.swift in Sources */,
				CEE246212E0996DC00DBA388 /* RecipeRatingController.swift in Sources */,
				CEE2461F2E094F7E00DBA388 /* RecipeImageWithFavoriteView.swift in Sources */,
				CE2164F92DD764FC003479E5 /* NewPasswordController.swift in Sources */,
			);
		};
/* End PBXSourcesBuildPhase section */

/* Begin PBXVariantGroup section */
		CE9BAB342C7C7EF300CD6C24 /* LaunchScreen.storyboard */ = {
			isa = PBXVariantGroup;
			children = (
				CE9BAB352C7C7EF300CD6C24 /* Base */,
			);
			name = LaunchScreen.storyboard;
			sourceTree = "<group>";
		};
/* End PBXVariantGroup section */

/* Begin XCBuildConfiguration section */
		CE9BAB382C7C7EF300CD6C24 /* Debug configuration for PBXProject "Povareshka" */ = {
			isa = XCBuildConfiguration;
			buildSettings = {
				ALWAYS_SEARCH_USER_PATHS = NO;
				CLANG_ANALYZER_NONNULL = YES;
				CLANG_ANALYZER_NUMBER_OBJECT_CONVERSION = YES_AGGRESSIVE;
				CLANG_CXX_LANGUAGE_STANDARD = "gnu++20";
				CLANG_ENABLE_MODULES = YES;
				CLANG_ENABLE_OBJC_ARC = YES;
				CLANG_ENABLE_OBJC_WEAK = YES;
				CLANG_WARN_BLOCK_CAPTURE_AUTORELEASING = YES;
				CLANG_WARN_BOOL_CONVERSION = YES;
				CLANG_WARN_COMMA = YES;
				CLANG_WARN_CONSTANT_CONVERSION = YES;
				CLANG_WARN_DEPRECATED_OBJC_IMPLEMENTATIONS = YES;
				CLANG_WARN_DIRECT_OBJC_ISA_USAGE = YES_ERROR;
				CLANG_WARN_DOCUMENTATION_COMMENTS = YES;
				CLANG_WARN_EMPTY_BODY = YES;
				CLANG_WARN_ENUM_CONVERSION = YES;
				CLANG_WARN_INFINITE_RECURSION = YES;
				CLANG_WARN_INT_CONVERSION = YES;
				CLANG_WARN_NON_LITERAL_NULL_CONVERSION = YES;
				CLANG_WARN_OBJC_IMPLICIT_RETAIN_SELF = YES;
				CLANG_WARN_OBJC_LITERAL_CONVERSION = YES;
				CLANG_WARN_OBJC_ROOT_CLASS = YES_ERROR;
				CLANG_WARN_QUOTED_INCLUDE_IN_FRAMEWORK_HEADER = YES;
				CLANG_WARN_RANGE_LOOP_ANALYSIS = YES;
				CLANG_WARN_STRICT_PROTOTYPES = YES;
				CLANG_WARN_SUSPICIOUS_MOVE = YES;
				CLANG_WARN_UNGUARDED_AVAILABILITY = YES_AGGRESSIVE;
				CLANG_WARN_UNREACHABLE_CODE = YES;
				CLANG_WARN__DUPLICATE_METHOD_MATCH = YES;
				COPY_PHASE_STRIP = NO;
				DEBUG_INFORMATION_FORMAT = dwarf;
				DEVELOPMENT_TEAM = EZEA8LL4D8;
				ENABLE_STRICT_OBJC_MSGSEND = YES;
				ENABLE_TESTABILITY = YES;
				ENABLE_USER_SCRIPT_SANDBOXING = YES;
				GCC_C_LANGUAGE_STANDARD = gnu11;
				GCC_DYNAMIC_NO_PIC = NO;
				GCC_NO_COMMON_BLOCKS = YES;
				GCC_OPTIMIZATION_LEVEL = 0;
				GCC_PREPROCESSOR_DEFINITIONS = (
					"DEBUG=1",
					"$(inherited)",
				);
				GCC_WARN_64_TO_32_BIT_CONVERSION = YES;
				GCC_WARN_ABOUT_RETURN_TYPE = YES_ERROR;
				GCC_WARN_UNDECLARED_SELECTOR = YES;
				GCC_WARN_UNINITIALIZED_AUTOS = YES_AGGRESSIVE;
				GCC_WARN_UNUSED_FUNCTION = YES;
				GCC_WARN_UNUSED_VARIABLE = YES;
				IPHONEOS_DEPLOYMENT_TARGET = 16.0;
				MTL_ENABLE_DEBUG_INFO = INCLUDE_SOURCE;
				MTL_FAST_MATH = YES;
				ONLY_ACTIVE_ARCH = YES;
				SDKROOT = iphoneos;
				SWIFT_ACTIVE_COMPILATION_CONDITIONS = DEBUG;
				SWIFT_OPTIMIZATION_LEVEL = "-Onone";
			};
			name = Debug;
		};
		CE9BAB392C7C7EF300CD6C24 /* Release configuration for PBXProject "Povareshka" */ = {
			isa = XCBuildConfiguration;
			buildSettings = {
				ALWAYS_SEARCH_USER_PATHS = NO;
				CLANG_ANALYZER_NONNULL = YES;
				CLANG_ANALYZER_NUMBER_OBJECT_CONVERSION = YES_AGGRESSIVE;
				CLANG_CXX_LANGUAGE_STANDARD = "gnu++20";
				CLANG_ENABLE_MODULES = YES;
				CLANG_ENABLE_OBJC_ARC = YES;
				CLANG_ENABLE_OBJC_WEAK = YES;
				CLANG_WARN_BLOCK_CAPTURE_AUTORELEASING = YES;
				CLANG_WARN_BOOL_CONVERSION = YES;
				CLANG_WARN_COMMA = YES;
				CLANG_WARN_CONSTANT_CONVERSION = YES;
				CLANG_WARN_DEPRECATED_OBJC_IMPLEMENTATIONS = YES;
				CLANG_WARN_DIRECT_OBJC_ISA_USAGE = YES_ERROR;
				CLANG_WARN_DOCUMENTATION_COMMENTS = YES;
				CLANG_WARN_EMPTY_BODY = YES;
				CLANG_WARN_ENUM_CONVERSION = YES;
				CLANG_WARN_INFINITE_RECURSION = YES;
				CLANG_WARN_INT_CONVERSION = YES;
				CLANG_WARN_NON_LITERAL_NULL_CONVERSION = YES;
				CLANG_WARN_OBJC_IMPLICIT_RETAIN_SELF = YES;
				CLANG_WARN_OBJC_LITERAL_CONVERSION = YES;
				CLANG_WARN_OBJC_ROOT_CLASS = YES_ERROR;
				CLANG_WARN_QUOTED_INCLUDE_IN_FRAMEWORK_HEADER = YES;
				CLANG_WARN_RANGE_LOOP_ANALYSIS = YES;
				CLANG_WARN_STRICT_PROTOTYPES = YES;
				CLANG_WARN_SUSPICIOUS_MOVE = YES;
				CLANG_WARN_UNGUARDED_AVAILABILITY = YES_AGGRESSIVE;
				CLANG_WARN_UNREACHABLE_CODE = YES;
				CLANG_WARN__DUPLICATE_METHOD_MATCH = YES;
				COPY_PHASE_STRIP = NO;
				DEBUG_INFORMATION_FORMAT = "dwarf-with-dsym";
				DEVELOPMENT_TEAM = EZEA8LL4D8;
				ENABLE_NS_ASSERTIONS = NO;
				ENABLE_STRICT_OBJC_MSGSEND = YES;
				ENABLE_USER_SCRIPT_SANDBOXING = YES;
				GCC_C_LANGUAGE_STANDARD = gnu11;
				GCC_NO_COMMON_BLOCKS = YES;
				GCC_WARN_64_TO_32_BIT_CONVERSION = YES;
				GCC_WARN_ABOUT_RETURN_TYPE = YES_ERROR;
				GCC_WARN_UNDECLARED_SELECTOR = YES;
				GCC_WARN_UNINITIALIZED_AUTOS = YES_AGGRESSIVE;
				GCC_WARN_UNUSED_FUNCTION = YES;
				GCC_WARN_UNUSED_VARIABLE = YES;
				IPHONEOS_DEPLOYMENT_TARGET = 16.0;
				MTL_ENABLE_DEBUG_INFO = NO;
				MTL_FAST_MATH = YES;
				SDKROOT = iphoneos;
				SWIFT_COMPILATION_MODE = wholemodule;
				SWIFT_OPTIMIZATION_LEVEL = "-O";
				VALIDATE_PRODUCT = YES;
			};
			name = Release;
		};
		CE9BAB3B2C7C7EF300CD6C24 /* Debug configuration for PBXNativeTarget "Povareshka" */ = {
			isa = XCBuildConfiguration;
			buildSettings = {
				ASSETCATALOG_COMPILER_APPICON_NAME = AppIcon;
				ASSETCATALOG_COMPILER_GLOBAL_ACCENT_COLOR_NAME = AccentColor;
				CODE_SIGN_STYLE = Automatic;
				CURRENT_PROJECT_VERSION = 1;
				GENERATE_INFOPLIST_FILE = YES;
				INFOPLIST_FILE = Povareshka/SupportingFiles/Info.plist;
				INFOPLIST_KEY_UIApplicationSupportsIndirectInputEvents = YES;
				INFOPLIST_KEY_UILaunchStoryboardName = LaunchScreen;
				INFOPLIST_KEY_UISupportedInterfaceOrientations = UIInterfaceOrientationPortrait;
				INFOPLIST_KEY_UISupportedInterfaceOrientations_iPad = "UIInterfaceOrientationLandscapeLeft UIInterfaceOrientationLandscapeRight UIInterfaceOrientationPortrait UIInterfaceOrientationPortraitUpsideDown";
				IPHONEOS_DEPLOYMENT_TARGET = 17;
				LD_RUNPATH_SEARCH_PATHS = (
					"$(inherited)",
					"@executable_path/Frameworks",
				);
				MARKETING_VERSION = 1.0;
				PRODUCT_BUNDLE_IDENTIFIER = pavellahno.Povareshka;
				PRODUCT_NAME = "$(TARGET_NAME)";
				SUPPORTED_PLATFORMS = "iphoneos iphonesimulator";
				SUPPORTS_MACCATALYST = NO;
				SUPPORTS_MAC_DESIGNED_FOR_IPHONE_IPAD = NO;
				SUPPORTS_XR_DESIGNED_FOR_IPHONE_IPAD = NO;
				SWIFT_EMIT_LOC_STRINGS = YES;
				SWIFT_VERSION = 6.0;
				TARGETED_DEVICE_FAMILY = 1;
			};
			name = Debug;
		};
		CE9BAB3C2C7C7EF300CD6C24 /* Release configuration for PBXNativeTarget "Povareshka" */ = {
			isa = XCBuildConfiguration;
			buildSettings = {
				ASSETCATALOG_COMPILER_APPICON_NAME = AppIcon;
				ASSETCATALOG_COMPILER_GLOBAL_ACCENT_COLOR_NAME = AccentColor;
				CODE_SIGN_STYLE = Automatic;
				CURRENT_PROJECT_VERSION = 1;
				GENERATE_INFOPLIST_FILE = YES;
				INFOPLIST_FILE = Povareshka/SupportingFiles/Info.plist;
				INFOPLIST_KEY_UIApplicationSupportsIndirectInputEvents = YES;
				INFOPLIST_KEY_UILaunchStoryboardName = LaunchScreen;
				INFOPLIST_KEY_UISupportedInterfaceOrientations = UIInterfaceOrientationPortrait;
				INFOPLIST_KEY_UISupportedInterfaceOrientations_iPad = "UIInterfaceOrientationLandscapeLeft UIInterfaceOrientationLandscapeRight UIInterfaceOrientationPortrait UIInterfaceOrientationPortraitUpsideDown";
				IPHONEOS_DEPLOYMENT_TARGET = 17;
				LD_RUNPATH_SEARCH_PATHS = (
					"$(inherited)",
					"@executable_path/Frameworks",
				);
				MARKETING_VERSION = 1.0;
				PRODUCT_BUNDLE_IDENTIFIER = pavellahno.Povareshka;
				PRODUCT_NAME = "$(TARGET_NAME)";
				SUPPORTED_PLATFORMS = "iphoneos iphonesimulator";
				SUPPORTS_MACCATALYST = NO;
				SUPPORTS_MAC_DESIGNED_FOR_IPHONE_IPAD = NO;
				SUPPORTS_XR_DESIGNED_FOR_IPHONE_IPAD = NO;
				SWIFT_EMIT_LOC_STRINGS = YES;
				SWIFT_VERSION = 6.0;
				TARGETED_DEVICE_FAMILY = 1;
			};
			name = Release;
		};
/* End XCBuildConfiguration section */

/* Begin XCConfigurationList section */
		CE9BAB212C7C7EF000CD6C24 /* Build configuration list for PBXProject "Povareshka" */ = {
			isa = XCConfigurationList;
			buildConfigurations = (
				CE9BAB382C7C7EF300CD6C24 /* Debug configuration for PBXProject "Povareshka" */,
				CE9BAB392C7C7EF300CD6C24 /* Release configuration for PBXProject "Povareshka" */,
			);
			defaultConfigurationName = Release;
		};
		CE9BAB3A2C7C7EF300CD6C24 /* Build configuration list for PBXNativeTarget "Povareshka" */ = {
			isa = XCConfigurationList;
			buildConfigurations = (
				CE9BAB3B2C7C7EF300CD6C24 /* Debug configuration for PBXNativeTarget "Povareshka" */,
				CE9BAB3C2C7C7EF300CD6C24 /* Release configuration for PBXNativeTarget "Povareshka" */,
			);
			defaultConfigurationName = Release;
		};
/* End XCConfigurationList section */

/* Begin XCRemoteSwiftPackageReference section */
		CE497BFB2DF0A2AE00789ED9 /* XCRemoteSwiftPackageReference "supabase-swift" */ = {
			isa = XCRemoteSwiftPackageReference;
			repositoryURL = "https://github.com/supabase/supabase-swift";
			requirement = {
				kind = upToNextMajorVersion;
				minimumVersion = 2.5.1;
			};
		};
		CE497C082DF0A3D500789ED9 /* XCRemoteSwiftPackageReference "realm-swift" */ = {
			isa = XCRemoteSwiftPackageReference;
			repositoryURL = "https://github.com/realm/realm-swift.git";
			requirement = {
				branch = master;
				kind = branch;
			};
		};
		CED7765D2E2E888500BD7334 /* XCRemoteSwiftPackageReference "Kingfisher" */ = {
			isa = XCRemoteSwiftPackageReference;
			repositoryURL = "https://github.com/onevcat/Kingfisher.git";
			requirement = {
				kind = upToNextMajorVersion;
				minimumVersion = 8.5.0;
			};
		};
/* End XCRemoteSwiftPackageReference section */

/* Begin XCSwiftPackageProductDependency section */
		CE497BFC2DF0A2AE00789ED9 /* Auth */ = {
			isa = XCSwiftPackageProductDependency;
			package = CE497BFB2DF0A2AE00789ED9 /* XCRemoteSwiftPackageReference "supabase-swift" */;
			productName = Auth;
		};
		CE497BFE2DF0A2AE00789ED9 /* Functions */ = {
			isa = XCSwiftPackageProductDependency;
			package = CE497BFB2DF0A2AE00789ED9 /* XCRemoteSwiftPackageReference "supabase-swift" */;
			productName = Functions;
		};
		CE497C002DF0A2AE00789ED9 /* PostgREST */ = {
			isa = XCSwiftPackageProductDependency;
			package = CE497BFB2DF0A2AE00789ED9 /* XCRemoteSwiftPackageReference "supabase-swift" */;
			productName = PostgREST;
		};
		CE497C022DF0A2AE00789ED9 /* Realtime */ = {
			isa = XCSwiftPackageProductDependency;
			package = CE497BFB2DF0A2AE00789ED9 /* XCRemoteSwiftPackageReference "supabase-swift" */;
			productName = Realtime;
		};
		CE497C042DF0A2AE00789ED9 /* Storage */ = {
			isa = XCSwiftPackageProductDependency;
			package = CE497BFB2DF0A2AE00789ED9 /* XCRemoteSwiftPackageReference "supabase-swift" */;
			productName = Storage;
		};
		CE497C062DF0A2AE00789ED9 /* Supabase */ = {
			isa = XCSwiftPackageProductDependency;
			package = CE497BFB2DF0A2AE00789ED9 /* XCRemoteSwiftPackageReference "supabase-swift" */;
			productName = Supabase;
		};
		CE497C0B2DF0A3D500789ED9 /* RealmSwift */ = {
			isa = XCSwiftPackageProductDependency;
			package = CE497C082DF0A3D500789ED9 /* XCRemoteSwiftPackageReference "realm-swift" */;
			productName = RealmSwift;
		};
		CED7765E2E2E888500BD7334 /* Kingfisher */ = {
			isa = XCSwiftPackageProductDependency;
			package = CED7765D2E2E888500BD7334 /* XCRemoteSwiftPackageReference "Kingfisher" */;
			productName = Kingfisher;
		};
/* End XCSwiftPackageProductDependency section */
	};
	rootObject = CE9BAB1E2C7C7EF000CD6C24 /* Project object */;
}
